// !$*UTF8*$!
{
	archiveVersion = 1;
	classes = {
	};
	objectVersion = 46;
	objects = {

/* Begin PBXBuildFile section */
		2F74765D212E95F800D74B87 /* WarningOptions.swift in Sources */ = {isa = PBXBuildFile; fileRef = 2F74765C212E95F800D74B87 /* WarningOptions.swift */; };
		3B53B16E1014E47D8AF3BBDC /* Pods_BluejayHeartSensorDemo.framework in Frameworks */ = {isa = PBXBuildFile; fileRef = B82FE820DEBA78205D73DB03 /* Pods_BluejayHeartSensorDemo.framework */; };
		7677FF3A64A35BBC9125A87E /* Pods_Bluejay.framework in Frameworks */ = {isa = PBXBuildFile; fileRef = 1460DB02323E612C0106BFE7 /* Pods_Bluejay.framework */; };
		B8022D981E1EEED900EA360B /* WriteResult.swift in Sources */ = {isa = PBXBuildFile; fileRef = B8022D971E1EEED900EA360B /* WriteResult.swift */; };
		B8022D9A1E1F041D00EA360B /* SynchronizedPeripheral.swift in Sources */ = {isa = PBXBuildFile; fileRef = B8022D991E1F041D00EA360B /* SynchronizedPeripheral.swift */; };
		B8022D9C1E1F052F00EA360B /* ListenAction.swift in Sources */ = {isa = PBXBuildFile; fileRef = B8022D9B1E1F052F00EA360B /* ListenAction.swift */; };
		B80D299B2170062D001C3C9B /* DisconnectHandler.swift in Sources */ = {isa = PBXBuildFile; fileRef = B80D299A2170062D001C3C9B /* DisconnectHandler.swift */; };
		B81E37731EDE238900E0655F /* DisconnectionResult.swift in Sources */ = {isa = PBXBuildFile; fileRef = B81E37721EDE238900E0655F /* DisconnectionResult.swift */; };
		B83271A91E313CA300D68581 /* Queueable.swift in Sources */ = {isa = PBXBuildFile; fileRef = B83271A81E313CA300D68581 /* Queueable.swift */; };
		B8330D5121B9E03B006F29C7 /* ListenCallback.swift in Sources */ = {isa = PBXBuildFile; fileRef = B8330D5021B9E03B006F29C7 /* ListenCallback.swift */; };
		B8383B6021C3162800F07306 /* AppDelegate.swift in Sources */ = {isa = PBXBuildFile; fileRef = B8383B5F21C3162800F07306 /* AppDelegate.swift */; };
		B8383B6521C3162800F07306 /* Main.storyboard in Resources */ = {isa = PBXBuildFile; fileRef = B8383B6321C3162800F07306 /* Main.storyboard */; };
		B8383B6721C3162A00F07306 /* Assets.xcassets in Resources */ = {isa = PBXBuildFile; fileRef = B8383B6621C3162A00F07306 /* Assets.xcassets */; };
		B8383B6A21C3162A00F07306 /* LaunchScreen.storyboard in Resources */ = {isa = PBXBuildFile; fileRef = B8383B6821C3162A00F07306 /* LaunchScreen.storyboard */; };
		B8383B7021C31B2D00F07306 /* ListenRestorer.swift in Sources */ = {isa = PBXBuildFile; fileRef = B8383B6F21C31B2D00F07306 /* ListenRestorer.swift */; };
		B8383B7221C3239B00F07306 /* PeripheralDelegate.swift in Sources */ = {isa = PBXBuildFile; fileRef = B8383B7121C3239B00F07306 /* PeripheralDelegate.swift */; };
		B83A67CE219F45C300076B9F /* BackgroundRestorer.swift in Sources */ = {isa = PBXBuildFile; fileRef = B83A67CD219F45C300076B9F /* BackgroundRestorer.swift */; };
		B842AAF81E4CF74300BB32EE /* String+Transferable.swift in Sources */ = {isa = PBXBuildFile; fileRef = B842AAF71E4CF74300BB32EE /* String+Transferable.swift */; };
		B843657E221F73FC00990C83 /* ServiceObserver.swift in Sources */ = {isa = PBXBuildFile; fileRef = B843657D221F73FC00990C83 /* ServiceObserver.swift */; };
		B86586A9216D1105002E8E2D /* StartOptions.swift in Sources */ = {isa = PBXBuildFile; fileRef = B86586A8216D1105002E8E2D /* StartOptions.swift */; };
		B869A2971E721D50003C1278 /* Data+Sendable.swift in Sources */ = {isa = PBXBuildFile; fileRef = B869A2961E721D50003C1278 /* Data+Sendable.swift */; };
		B87CBB4D21C05F8400B67B5B /* BackgroundRestoreConfig.swift in Sources */ = {isa = PBXBuildFile; fileRef = B87CBB4C21C05F8400B67B5B /* BackgroundRestoreConfig.swift */; };
		B87FDD6121E567150010D6CF /* AppDelegate.swift in Sources */ = {isa = PBXBuildFile; fileRef = B87FDD6021E567150010D6CF /* AppDelegate.swift */; };
		B87FDD6321E567150010D6CF /* DittojayViewController.swift in Sources */ = {isa = PBXBuildFile; fileRef = B87FDD6221E567150010D6CF /* DittojayViewController.swift */; };
		B87FDD6621E567150010D6CF /* Main.storyboard in Resources */ = {isa = PBXBuildFile; fileRef = B87FDD6421E567150010D6CF /* Main.storyboard */; };
		B87FDD6821E567160010D6CF /* Assets.xcassets in Resources */ = {isa = PBXBuildFile; fileRef = B87FDD6721E567160010D6CF /* Assets.xcassets */; };
		B87FDD6B21E567160010D6CF /* LaunchScreen.storyboard in Resources */ = {isa = PBXBuildFile; fileRef = B87FDD6921E567160010D6CF /* LaunchScreen.storyboard */; };
		B87FDD7121E572C80010D6CF /* HeartRateMeasurement.swift in Sources */ = {isa = PBXBuildFile; fileRef = B87FDD7021E572C80010D6CF /* HeartRateMeasurement.swift */; };
		B87FDD7221E576290010D6CF /* Bluejay.framework in Frameworks */ = {isa = PBXBuildFile; fileRef = B8C70F751E1C22850006CF58 /* Bluejay.framework */; };
		B87FDD7321E576290010D6CF /* Bluejay.framework in Embed Frameworks */ = {isa = PBXBuildFile; fileRef = B8C70F751E1C22850006CF58 /* Bluejay.framework */; settings = {ATTRIBUTES = (CodeSignOnCopy, RemoveHeadersOnCopy, ); }; };
		B88A0D9C1E1DAA1600A00FF8 /* Event.swift in Sources */ = {isa = PBXBuildFile; fileRef = B88A0D9B1E1DAA1600A00FF8 /* Event.swift */; };
		B88A0D9F1E1DCFBF00A00FF8 /* DiscoverService.swift in Sources */ = {isa = PBXBuildFile; fileRef = B88A0D9E1E1DCFBF00A00FF8 /* DiscoverService.swift */; };
		B88A0DA11E1DD15600A00FF8 /* DiscoverCharacteristic.swift in Sources */ = {isa = PBXBuildFile; fileRef = B88A0DA01E1DD15600A00FF8 /* DiscoverCharacteristic.swift */; };
		B88A0DA31E1DD18B00A00FF8 /* ReadCharacteristic.swift in Sources */ = {isa = PBXBuildFile; fileRef = B88A0DA21E1DD18B00A00FF8 /* ReadCharacteristic.swift */; };
		B88A0DA51E1DD1A200A00FF8 /* WriteCharacteristic.swift in Sources */ = {isa = PBXBuildFile; fileRef = B88A0DA41E1DD1A200A00FF8 /* WriteCharacteristic.swift */; };
		B88A0DA71E1DD1DE00A00FF8 /* ListenCharacteristic.swift in Sources */ = {isa = PBXBuildFile; fileRef = B88A0DA61E1DD1DE00A00FF8 /* ListenCharacteristic.swift */; };
		B88F79951EB7DB420094D8D1 /* Operation.swift in Sources */ = {isa = PBXBuildFile; fileRef = B88F79941EB7DB420094D8D1 /* Operation.swift */; };
		B89AA4791E302114006BA376 /* Queue.swift in Sources */ = {isa = PBXBuildFile; fileRef = B89AA4781E302114006BA376 /* Queue.swift */; };
		B89AA4841E303634006BA376 /* Connection.swift in Sources */ = {isa = PBXBuildFile; fileRef = B89AA4831E303634006BA376 /* Connection.swift */; };
		B89AA4881E30373D006BA376 /* Scan.swift in Sources */ = {isa = PBXBuildFile; fileRef = B89AA4871E30373D006BA376 /* Scan.swift */; };
		B89C0B5E21CC3FC800320A52 /* HeartRateMeasurement.swift in Sources */ = {isa = PBXBuildFile; fileRef = B8CA5E5A1EFD935B006D7B12 /* HeartRateMeasurement.swift */; };
		B89C0B6121CC410600320A52 /* ScanViewController.swift in Sources */ = {isa = PBXBuildFile; fileRef = B89C0B6021CC410600320A52 /* ScanViewController.swift */; };
		B89C0B6321CC452500320A52 /* Bluejay.framework in Frameworks */ = {isa = PBXBuildFile; fileRef = B8C70F751E1C22850006CF58 /* Bluejay.framework */; };
		B89C0B6421CC452500320A52 /* Bluejay.framework in Embed Frameworks */ = {isa = PBXBuildFile; fileRef = B8C70F751E1C22850006CF58 /* Bluejay.framework */; settings = {ATTRIBUTES = (CodeSignOnCopy, RemoveHeadersOnCopy, ); }; };
		B89C0B6921CC49B700320A52 /* SensorViewController.swift in Sources */ = {isa = PBXBuildFile; fileRef = B89C0B6821CC49B700320A52 /* SensorViewController.swift */; };
		B8A947491EB93B5800347FF5 /* DiscoveryResult.swift in Sources */ = {isa = PBXBuildFile; fileRef = B8A947481EB93B5800347FF5 /* DiscoveryResult.swift */; };
		B8B5708F1ED8AEAA00603C0B /* Data+Extractable.swift in Sources */ = {isa = PBXBuildFile; fileRef = B8B5708E1ED8AEAA00603C0B /* Data+Extractable.swift */; };
		B8C5E7131E64D6860094A708 /* ScanAction.swift in Sources */ = {isa = PBXBuildFile; fileRef = B8C5E7121E64D6860094A708 /* ScanAction.swift */; };
		B8C5E7151E64D93C0094A708 /* ScanDiscovery.swift in Sources */ = {isa = PBXBuildFile; fileRef = B8C5E7141E64D93C0094A708 /* ScanDiscovery.swift */; };
		B8C70F861E1C22850006CF58 /* Bluejay.h in Headers */ = {isa = PBXBuildFile; fileRef = B8C70F781E1C22850006CF58 /* Bluejay.h */; settings = {ATTRIBUTES = (Public, ); }; };
		B8C70F901E1C505C0006CF58 /* Bluejay.swift in Sources */ = {isa = PBXBuildFile; fileRef = B8C70F8F1E1C505C0006CF58 /* Bluejay.swift */; };
		B8C70F921E1C56330006CF58 /* CBPeripheral+FindService.swift in Sources */ = {isa = PBXBuildFile; fileRef = B8C70F911E1C56330006CF58 /* CBPeripheral+FindService.swift */; };
		B8C70F951E1C57250006CF58 /* CBService+FindCharacteristic.swift in Sources */ = {isa = PBXBuildFile; fileRef = B8C70F941E1C57250006CF58 /* CBService+FindCharacteristic.swift */; };
		B8C70F971E1C5A4F0006CF58 /* Error.swift in Sources */ = {isa = PBXBuildFile; fileRef = B8C70F961E1C5A4F0006CF58 /* Error.swift */; };
		B8C70F991E1C5A7F0006CF58 /* ServiceIdentifier.swift in Sources */ = {isa = PBXBuildFile; fileRef = B8C70F981E1C5A7F0006CF58 /* ServiceIdentifier.swift */; };
		B8C70F9B1E1C5A910006CF58 /* CharacteristicIdentifier.swift in Sources */ = {isa = PBXBuildFile; fileRef = B8C70F9A1E1C5A910006CF58 /* CharacteristicIdentifier.swift */; };
		B8C70FA01E1C61BD0006CF58 /* PeripheralIdentifier.swift in Sources */ = {isa = PBXBuildFile; fileRef = B8C70F9F1E1C61BD0006CF58 /* PeripheralIdentifier.swift */; };
		B8C70FA31E1C65000006CF58 /* ConnectionResult.swift in Sources */ = {isa = PBXBuildFile; fileRef = B8C70FA21E1C65000006CF58 /* ConnectionResult.swift */; };
		B8C70FA51E1C65A20006CF58 /* ReadResult.swift in Sources */ = {isa = PBXBuildFile; fileRef = B8C70FA41E1C65A20006CF58 /* ReadResult.swift */; };
		B8C70FA91E1C69B60006CF58 /* Receivable.swift in Sources */ = {isa = PBXBuildFile; fileRef = B8C70FA81E1C69B60006CF58 /* Receivable.swift */; };
		B8C70FAB1E1C69C50006CF58 /* Sendable.swift in Sources */ = {isa = PBXBuildFile; fileRef = B8C70FAA1E1C69C50006CF58 /* Sendable.swift */; };
		B8C70FAF1E1C6C780006CF58 /* Integer+Transferable.swift in Sources */ = {isa = PBXBuildFile; fileRef = B8C70FAE1E1C6C780006CF58 /* Integer+Transferable.swift */; };
		B8C70FB11E1C6F150006CF58 /* DataPadding.swift in Sources */ = {isa = PBXBuildFile; fileRef = B8C70FB01E1C6F150006CF58 /* DataPadding.swift */; };
		B8C70FB91E1C725C0006CF58 /* ConnectionObserver.swift in Sources */ = {isa = PBXBuildFile; fileRef = B8C70FB81E1C725C0006CF58 /* ConnectionObserver.swift */; };
		B8C70FBD1E1C7DB60006CF58 /* Peripheral.swift in Sources */ = {isa = PBXBuildFile; fileRef = B8C70FBC1E1C7DB60006CF58 /* Peripheral.swift */; };
		B8C70FC11E1C80150006CF58 /* QueueableState.swift in Sources */ = {isa = PBXBuildFile; fileRef = B8C70FC01E1C80150006CF58 /* QueueableState.swift */; };
		B8C9684921B5DDB900905896 /* MultipleListenOption.swift in Sources */ = {isa = PBXBuildFile; fileRef = B8C9684821B5DDB900905896 /* MultipleListenOption.swift */; };
		B8D2078C1E26D446007E670A /* CBPeripheralState+ReturnString.swift in Sources */ = {isa = PBXBuildFile; fileRef = B8D2078B1E26D446007E670A /* CBPeripheralState+ReturnString.swift */; };
		B8D2078E1E26D702007E670A /* CBManagerState+ReturnString.swift in Sources */ = {isa = PBXBuildFile; fileRef = B8D2078D1E26D702007E670A /* CBManagerState+ReturnString.swift */; };
		B8DC6C6C21DD6B49004A8EA6 /* LogViewController.swift in Sources */ = {isa = PBXBuildFile; fileRef = B8DC6C6B21DD6B48004A8EA6 /* LogViewController.swift */; };
		B8DC6C6E21DD7917004A8EA6 /* LogObserver.swift in Sources */ = {isa = PBXBuildFile; fileRef = B8DC6C6D21DD7917004A8EA6 /* LogObserver.swift */; };
		B8E9B3971EE0A724007519B0 /* RunResult.swift in Sources */ = {isa = PBXBuildFile; fileRef = B8E9B3961EE0A724007519B0 /* RunResult.swift */; };
		B8E9B3991EE0BDD0007519B0 /* BackgroundRestoreMode.swift in Sources */ = {isa = PBXBuildFile; fileRef = B8E9B3981EE0BDD0007519B0 /* BackgroundRestoreMode.swift */; };
		B8F8C0ED1E4E7CA300A0D0F7 /* Disconnection.swift in Sources */ = {isa = PBXBuildFile; fileRef = B8F8C0EC1E4E7CA300A0D0F7 /* Disconnection.swift */; };
		B8FE9DF51E73597A00D361CE /* RSSIObserver.swift in Sources */ = {isa = PBXBuildFile; fileRef = B8FE9DF41E73597A00D361CE /* RSSIObserver.swift */; };
		E33A92A4E6F64E08E1744EA5 /* Pods_DittojayHeartSensorDemo.framework in Frameworks */ = {isa = PBXBuildFile; fileRef = B4F875274536E6A2FACE6253 /* Pods_DittojayHeartSensorDemo.framework */; };
/* End PBXBuildFile section */

/* Begin PBXContainerItemProxy section */
		B87FDD7421E576290010D6CF /* PBXContainerItemProxy */ = {
			isa = PBXContainerItemProxy;
			containerPortal = B8C70F6C1E1C22850006CF58 /* Project object */;
			proxyType = 1;
			remoteGlobalIDString = B8C70F741E1C22850006CF58;
			remoteInfo = Bluejay;
		};
		B89C0B6521CC452500320A52 /* PBXContainerItemProxy */ = {
			isa = PBXContainerItemProxy;
			containerPortal = B8C70F6C1E1C22850006CF58 /* Project object */;
			proxyType = 1;
			remoteGlobalIDString = B8C70F741E1C22850006CF58;
			remoteInfo = Bluejay;
		};
/* End PBXContainerItemProxy section */

/* Begin PBXCopyFilesBuildPhase section */
		B87FDD7621E576290010D6CF /* Embed Frameworks */ = {
			isa = PBXCopyFilesBuildPhase;
			buildActionMask = 2147483647;
			dstPath = "";
			dstSubfolderSpec = 10;
			files = (
				B87FDD7321E576290010D6CF /* Bluejay.framework in Embed Frameworks */,
			);
			name = "Embed Frameworks";
			runOnlyForDeploymentPostprocessing = 0;
		};
		B89C0B6721CC452500320A52 /* Embed Frameworks */ = {
			isa = PBXCopyFilesBuildPhase;
			buildActionMask = 2147483647;
			dstPath = "";
			dstSubfolderSpec = 10;
			files = (
				B89C0B6421CC452500320A52 /* Bluejay.framework in Embed Frameworks */,
			);
			name = "Embed Frameworks";
			runOnlyForDeploymentPostprocessing = 0;
		};
/* End PBXCopyFilesBuildPhase section */

/* Begin PBXFileReference section */
		1460DB02323E612C0106BFE7 /* Pods_Bluejay.framework */ = {isa = PBXFileReference; explicitFileType = wrapper.framework; includeInIndex = 0; path = Pods_Bluejay.framework; sourceTree = BUILT_PRODUCTS_DIR; };
		2F74765C212E95F800D74B87 /* WarningOptions.swift */ = {isa = PBXFileReference; lastKnownFileType = sourcecode.swift; path = WarningOptions.swift; sourceTree = "<group>"; };
		6D73B082C20E892DBC931F5D /* Pods-BluejayHeartSensorDemo.release.xcconfig */ = {isa = PBXFileReference; includeInIndex = 1; lastKnownFileType = text.xcconfig; name = "Pods-BluejayHeartSensorDemo.release.xcconfig"; path = "Pods/Target Support Files/Pods-BluejayHeartSensorDemo/Pods-BluejayHeartSensorDemo.release.xcconfig"; sourceTree = "<group>"; };
		6D8D558D0951A33AECAED2CE /* Pods-BluejayHeartSensorDemo.debug.xcconfig */ = {isa = PBXFileReference; includeInIndex = 1; lastKnownFileType = text.xcconfig; name = "Pods-BluejayHeartSensorDemo.debug.xcconfig"; path = "Pods/Target Support Files/Pods-BluejayHeartSensorDemo/Pods-BluejayHeartSensorDemo.debug.xcconfig"; sourceTree = "<group>"; };
		916C6338CC4E6D8DBA1A561C /* Pods-Bluejay.debug.xcconfig */ = {isa = PBXFileReference; includeInIndex = 1; lastKnownFileType = text.xcconfig; name = "Pods-Bluejay.debug.xcconfig"; path = "Pods/Target Support Files/Pods-Bluejay/Pods-Bluejay.debug.xcconfig"; sourceTree = "<group>"; };
		991CB1FE3605BDCF2951EEF8 /* Pods-DittojayHeartSensorDemo.debug.xcconfig */ = {isa = PBXFileReference; includeInIndex = 1; lastKnownFileType = text.xcconfig; name = "Pods-DittojayHeartSensorDemo.debug.xcconfig"; path = "Pods/Target Support Files/Pods-DittojayHeartSensorDemo/Pods-DittojayHeartSensorDemo.debug.xcconfig"; sourceTree = "<group>"; };
		B4F875274536E6A2FACE6253 /* Pods_DittojayHeartSensorDemo.framework */ = {isa = PBXFileReference; explicitFileType = wrapper.framework; includeInIndex = 0; path = Pods_DittojayHeartSensorDemo.framework; sourceTree = BUILT_PRODUCTS_DIR; };
		B8022D971E1EEED900EA360B /* WriteResult.swift */ = {isa = PBXFileReference; fileEncoding = 4; lastKnownFileType = sourcecode.swift; path = WriteResult.swift; sourceTree = "<group>"; };
		B8022D991E1F041D00EA360B /* SynchronizedPeripheral.swift */ = {isa = PBXFileReference; fileEncoding = 4; lastKnownFileType = sourcecode.swift; path = SynchronizedPeripheral.swift; sourceTree = "<group>"; };
		B8022D9B1E1F052F00EA360B /* ListenAction.swift */ = {isa = PBXFileReference; fileEncoding = 4; lastKnownFileType = sourcecode.swift; path = ListenAction.swift; sourceTree = "<group>"; };
		B80D299A2170062D001C3C9B /* DisconnectHandler.swift */ = {isa = PBXFileReference; lastKnownFileType = sourcecode.swift; path = DisconnectHandler.swift; sourceTree = "<group>"; };
		B81E37721EDE238900E0655F /* DisconnectionResult.swift */ = {isa = PBXFileReference; fileEncoding = 4; lastKnownFileType = sourcecode.swift; path = DisconnectionResult.swift; sourceTree = "<group>"; };
		B82FE820DEBA78205D73DB03 /* Pods_BluejayHeartSensorDemo.framework */ = {isa = PBXFileReference; explicitFileType = wrapper.framework; includeInIndex = 0; path = Pods_BluejayHeartSensorDemo.framework; sourceTree = BUILT_PRODUCTS_DIR; };
		B83271A81E313CA300D68581 /* Queueable.swift */ = {isa = PBXFileReference; fileEncoding = 4; lastKnownFileType = sourcecode.swift; path = Queueable.swift; sourceTree = "<group>"; };
		B8330D5021B9E03B006F29C7 /* ListenCallback.swift */ = {isa = PBXFileReference; lastKnownFileType = sourcecode.swift; path = ListenCallback.swift; sourceTree = "<group>"; };
		B8383B5D21C3162800F07306 /* BluejayHeartSensorDemo.app */ = {isa = PBXFileReference; explicitFileType = wrapper.application; includeInIndex = 0; path = BluejayHeartSensorDemo.app; sourceTree = BUILT_PRODUCTS_DIR; };
		B8383B5F21C3162800F07306 /* AppDelegate.swift */ = {isa = PBXFileReference; lastKnownFileType = sourcecode.swift; path = AppDelegate.swift; sourceTree = "<group>"; };
		B8383B6421C3162800F07306 /* Base */ = {isa = PBXFileReference; lastKnownFileType = file.storyboard; name = Base; path = Base.lproj/Main.storyboard; sourceTree = "<group>"; };
		B8383B6621C3162A00F07306 /* Assets.xcassets */ = {isa = PBXFileReference; lastKnownFileType = folder.assetcatalog; path = Assets.xcassets; sourceTree = "<group>"; };
		B8383B6921C3162A00F07306 /* Base */ = {isa = PBXFileReference; lastKnownFileType = file.storyboard; name = Base; path = Base.lproj/LaunchScreen.storyboard; sourceTree = "<group>"; };
		B8383B6B21C3162A00F07306 /* Info.plist */ = {isa = PBXFileReference; lastKnownFileType = text.plist.xml; path = Info.plist; sourceTree = "<group>"; };
		B8383B6F21C31B2D00F07306 /* ListenRestorer.swift */ = {isa = PBXFileReference; lastKnownFileType = sourcecode.swift; path = ListenRestorer.swift; sourceTree = "<group>"; };
		B8383B7121C3239B00F07306 /* PeripheralDelegate.swift */ = {isa = PBXFileReference; lastKnownFileType = sourcecode.swift; path = PeripheralDelegate.swift; sourceTree = "<group>"; };
		B83A67CD219F45C300076B9F /* BackgroundRestorer.swift */ = {isa = PBXFileReference; lastKnownFileType = sourcecode.swift; path = BackgroundRestorer.swift; sourceTree = "<group>"; };
		B842AAF71E4CF74300BB32EE /* String+Transferable.swift */ = {isa = PBXFileReference; fileEncoding = 4; lastKnownFileType = sourcecode.swift; path = "String+Transferable.swift"; sourceTree = "<group>"; };
		B843657D221F73FC00990C83 /* ServiceObserver.swift */ = {isa = PBXFileReference; lastKnownFileType = sourcecode.swift; path = ServiceObserver.swift; sourceTree = "<group>"; };
		B86586A8216D1105002E8E2D /* StartOptions.swift */ = {isa = PBXFileReference; lastKnownFileType = sourcecode.swift; path = StartOptions.swift; sourceTree = "<group>"; };
		B869A2961E721D50003C1278 /* Data+Sendable.swift */ = {isa = PBXFileReference; fileEncoding = 4; lastKnownFileType = sourcecode.swift; path = "Data+Sendable.swift"; sourceTree = "<group>"; };
		B87CBB4C21C05F8400B67B5B /* BackgroundRestoreConfig.swift */ = {isa = PBXFileReference; lastKnownFileType = sourcecode.swift; path = BackgroundRestoreConfig.swift; sourceTree = "<group>"; };
		B87FDD5E21E567150010D6CF /* DittojayHeartSensorDemo.app */ = {isa = PBXFileReference; explicitFileType = wrapper.application; includeInIndex = 0; path = DittojayHeartSensorDemo.app; sourceTree = BUILT_PRODUCTS_DIR; };
		B87FDD6021E567150010D6CF /* AppDelegate.swift */ = {isa = PBXFileReference; lastKnownFileType = sourcecode.swift; path = AppDelegate.swift; sourceTree = "<group>"; };
		B87FDD6221E567150010D6CF /* DittojayViewController.swift */ = {isa = PBXFileReference; lastKnownFileType = sourcecode.swift; path = DittojayViewController.swift; sourceTree = "<group>"; };
		B87FDD6521E567150010D6CF /* Base */ = {isa = PBXFileReference; lastKnownFileType = file.storyboard; name = Base; path = Base.lproj/Main.storyboard; sourceTree = "<group>"; };
		B87FDD6721E567160010D6CF /* Assets.xcassets */ = {isa = PBXFileReference; lastKnownFileType = folder.assetcatalog; path = Assets.xcassets; sourceTree = "<group>"; };
		B87FDD6A21E567160010D6CF /* Base */ = {isa = PBXFileReference; lastKnownFileType = file.storyboard; name = Base; path = Base.lproj/LaunchScreen.storyboard; sourceTree = "<group>"; };
		B87FDD6C21E567160010D6CF /* Info.plist */ = {isa = PBXFileReference; lastKnownFileType = text.plist.xml; path = Info.plist; sourceTree = "<group>"; };
		B87FDD7021E572C80010D6CF /* HeartRateMeasurement.swift */ = {isa = PBXFileReference; lastKnownFileType = sourcecode.swift; path = HeartRateMeasurement.swift; sourceTree = "<group>"; };
		B88A0D9B1E1DAA1600A00FF8 /* Event.swift */ = {isa = PBXFileReference; fileEncoding = 4; lastKnownFileType = sourcecode.swift; path = Event.swift; sourceTree = "<group>"; };
		B88A0D9E1E1DCFBF00A00FF8 /* DiscoverService.swift */ = {isa = PBXFileReference; fileEncoding = 4; lastKnownFileType = sourcecode.swift; path = DiscoverService.swift; sourceTree = "<group>"; };
		B88A0DA01E1DD15600A00FF8 /* DiscoverCharacteristic.swift */ = {isa = PBXFileReference; fileEncoding = 4; lastKnownFileType = sourcecode.swift; path = DiscoverCharacteristic.swift; sourceTree = "<group>"; };
		B88A0DA21E1DD18B00A00FF8 /* ReadCharacteristic.swift */ = {isa = PBXFileReference; fileEncoding = 4; lastKnownFileType = sourcecode.swift; path = ReadCharacteristic.swift; sourceTree = "<group>"; };
		B88A0DA41E1DD1A200A00FF8 /* WriteCharacteristic.swift */ = {isa = PBXFileReference; fileEncoding = 4; lastKnownFileType = sourcecode.swift; path = WriteCharacteristic.swift; sourceTree = "<group>"; };
		B88A0DA61E1DD1DE00A00FF8 /* ListenCharacteristic.swift */ = {isa = PBXFileReference; fileEncoding = 4; lastKnownFileType = sourcecode.swift; path = ListenCharacteristic.swift; sourceTree = "<group>"; };
		B88F79941EB7DB420094D8D1 /* Operation.swift */ = {isa = PBXFileReference; fileEncoding = 4; lastKnownFileType = sourcecode.swift; path = Operation.swift; sourceTree = "<group>"; };
		B89AA4781E302114006BA376 /* Queue.swift */ = {isa = PBXFileReference; fileEncoding = 4; lastKnownFileType = sourcecode.swift; path = Queue.swift; sourceTree = "<group>"; };
		B89AA4831E303634006BA376 /* Connection.swift */ = {isa = PBXFileReference; fileEncoding = 4; lastKnownFileType = sourcecode.swift; path = Connection.swift; sourceTree = "<group>"; };
		B89AA4871E30373D006BA376 /* Scan.swift */ = {isa = PBXFileReference; fileEncoding = 4; lastKnownFileType = sourcecode.swift; path = Scan.swift; sourceTree = "<group>"; };
		B89C0B6021CC410600320A52 /* ScanViewController.swift */ = {isa = PBXFileReference; lastKnownFileType = sourcecode.swift; path = ScanViewController.swift; sourceTree = "<group>"; };
		B89C0B6821CC49B700320A52 /* SensorViewController.swift */ = {isa = PBXFileReference; lastKnownFileType = sourcecode.swift; path = SensorViewController.swift; sourceTree = "<group>"; };
		B8A947481EB93B5800347FF5 /* DiscoveryResult.swift */ = {isa = PBXFileReference; fileEncoding = 4; lastKnownFileType = sourcecode.swift; path = DiscoveryResult.swift; sourceTree = "<group>"; };
		B8B5708E1ED8AEAA00603C0B /* Data+Extractable.swift */ = {isa = PBXFileReference; fileEncoding = 4; lastKnownFileType = sourcecode.swift; path = "Data+Extractable.swift"; sourceTree = "<group>"; };
		B8C5E7121E64D6860094A708 /* ScanAction.swift */ = {isa = PBXFileReference; fileEncoding = 4; lastKnownFileType = sourcecode.swift; path = ScanAction.swift; sourceTree = "<group>"; };
		B8C5E7141E64D93C0094A708 /* ScanDiscovery.swift */ = {isa = PBXFileReference; fileEncoding = 4; lastKnownFileType = sourcecode.swift; path = ScanDiscovery.swift; sourceTree = "<group>"; };
		B8C70F751E1C22850006CF58 /* Bluejay.framework */ = {isa = PBXFileReference; explicitFileType = wrapper.framework; includeInIndex = 0; path = Bluejay.framework; sourceTree = BUILT_PRODUCTS_DIR; };
		B8C70F781E1C22850006CF58 /* Bluejay.h */ = {isa = PBXFileReference; lastKnownFileType = sourcecode.c.h; path = Bluejay.h; sourceTree = "<group>"; };
		B8C70F791E1C22850006CF58 /* Info.plist */ = {isa = PBXFileReference; lastKnownFileType = text.plist.xml; path = Info.plist; sourceTree = "<group>"; };
		B8C70F8F1E1C505C0006CF58 /* Bluejay.swift */ = {isa = PBXFileReference; fileEncoding = 4; lastKnownFileType = sourcecode.swift; path = Bluejay.swift; sourceTree = "<group>"; };
		B8C70F911E1C56330006CF58 /* CBPeripheral+FindService.swift */ = {isa = PBXFileReference; fileEncoding = 4; lastKnownFileType = sourcecode.swift; path = "CBPeripheral+FindService.swift"; sourceTree = "<group>"; };
		B8C70F941E1C57250006CF58 /* CBService+FindCharacteristic.swift */ = {isa = PBXFileReference; fileEncoding = 4; lastKnownFileType = sourcecode.swift; path = "CBService+FindCharacteristic.swift"; sourceTree = "<group>"; };
		B8C70F961E1C5A4F0006CF58 /* Error.swift */ = {isa = PBXFileReference; fileEncoding = 4; lastKnownFileType = sourcecode.swift; path = Error.swift; sourceTree = "<group>"; };
		B8C70F981E1C5A7F0006CF58 /* ServiceIdentifier.swift */ = {isa = PBXFileReference; fileEncoding = 4; lastKnownFileType = sourcecode.swift; path = ServiceIdentifier.swift; sourceTree = "<group>"; };
		B8C70F9A1E1C5A910006CF58 /* CharacteristicIdentifier.swift */ = {isa = PBXFileReference; fileEncoding = 4; lastKnownFileType = sourcecode.swift; path = CharacteristicIdentifier.swift; sourceTree = "<group>"; };
		B8C70F9D1E1C5AD80006CF58 /* CoreBluetooth.framework */ = {isa = PBXFileReference; lastKnownFileType = wrapper.framework; name = CoreBluetooth.framework; path = System/Library/Frameworks/CoreBluetooth.framework; sourceTree = SDKROOT; };
		B8C70F9F1E1C61BD0006CF58 /* PeripheralIdentifier.swift */ = {isa = PBXFileReference; fileEncoding = 4; lastKnownFileType = sourcecode.swift; path = PeripheralIdentifier.swift; sourceTree = "<group>"; };
		B8C70FA21E1C65000006CF58 /* ConnectionResult.swift */ = {isa = PBXFileReference; fileEncoding = 4; lastKnownFileType = sourcecode.swift; path = ConnectionResult.swift; sourceTree = "<group>"; };
		B8C70FA41E1C65A20006CF58 /* ReadResult.swift */ = {isa = PBXFileReference; fileEncoding = 4; lastKnownFileType = sourcecode.swift; path = ReadResult.swift; sourceTree = "<group>"; };
		B8C70FA81E1C69B60006CF58 /* Receivable.swift */ = {isa = PBXFileReference; fileEncoding = 4; lastKnownFileType = sourcecode.swift; path = Receivable.swift; sourceTree = "<group>"; };
		B8C70FAA1E1C69C50006CF58 /* Sendable.swift */ = {isa = PBXFileReference; fileEncoding = 4; lastKnownFileType = sourcecode.swift; path = Sendable.swift; sourceTree = "<group>"; };
		B8C70FAE1E1C6C780006CF58 /* Integer+Transferable.swift */ = {isa = PBXFileReference; fileEncoding = 4; lastKnownFileType = sourcecode.swift; path = "Integer+Transferable.swift"; sourceTree = "<group>"; };
		B8C70FB01E1C6F150006CF58 /* DataPadding.swift */ = {isa = PBXFileReference; fileEncoding = 4; lastKnownFileType = sourcecode.swift; path = DataPadding.swift; sourceTree = "<group>"; };
		B8C70FB81E1C725C0006CF58 /* ConnectionObserver.swift */ = {isa = PBXFileReference; fileEncoding = 4; lastKnownFileType = sourcecode.swift; path = ConnectionObserver.swift; sourceTree = "<group>"; };
		B8C70FBC1E1C7DB60006CF58 /* Peripheral.swift */ = {isa = PBXFileReference; fileEncoding = 4; lastKnownFileType = sourcecode.swift; path = Peripheral.swift; sourceTree = "<group>"; };
		B8C70FC01E1C80150006CF58 /* QueueableState.swift */ = {isa = PBXFileReference; fileEncoding = 4; lastKnownFileType = sourcecode.swift; path = QueueableState.swift; sourceTree = "<group>"; };
		B8C9684821B5DDB900905896 /* MultipleListenOption.swift */ = {isa = PBXFileReference; lastKnownFileType = sourcecode.swift; path = MultipleListenOption.swift; sourceTree = "<group>"; };
		B8CA5E5A1EFD935B006D7B12 /* HeartRateMeasurement.swift */ = {isa = PBXFileReference; fileEncoding = 4; lastKnownFileType = sourcecode.swift; path = HeartRateMeasurement.swift; sourceTree = "<group>"; };
		B8D2078B1E26D446007E670A /* CBPeripheralState+ReturnString.swift */ = {isa = PBXFileReference; fileEncoding = 4; lastKnownFileType = sourcecode.swift; path = "CBPeripheralState+ReturnString.swift"; sourceTree = "<group>"; };
		B8D2078D1E26D702007E670A /* CBManagerState+ReturnString.swift */ = {isa = PBXFileReference; fileEncoding = 4; lastKnownFileType = sourcecode.swift; path = "CBManagerState+ReturnString.swift"; sourceTree = "<group>"; };
		B8DC6C6B21DD6B48004A8EA6 /* LogViewController.swift */ = {isa = PBXFileReference; lastKnownFileType = sourcecode.swift; path = LogViewController.swift; sourceTree = "<group>"; };
		B8DC6C6D21DD7917004A8EA6 /* LogObserver.swift */ = {isa = PBXFileReference; lastKnownFileType = sourcecode.swift; path = LogObserver.swift; sourceTree = "<group>"; };
		B8E9B3961EE0A724007519B0 /* RunResult.swift */ = {isa = PBXFileReference; fileEncoding = 4; lastKnownFileType = sourcecode.swift; path = RunResult.swift; sourceTree = "<group>"; };
		B8E9B3981EE0BDD0007519B0 /* BackgroundRestoreMode.swift */ = {isa = PBXFileReference; fileEncoding = 4; lastKnownFileType = sourcecode.swift; path = BackgroundRestoreMode.swift; sourceTree = "<group>"; };
		B8F8C0EC1E4E7CA300A0D0F7 /* Disconnection.swift */ = {isa = PBXFileReference; fileEncoding = 4; lastKnownFileType = sourcecode.swift; path = Disconnection.swift; sourceTree = "<group>"; };
		B8FE9DF41E73597A00D361CE /* RSSIObserver.swift */ = {isa = PBXFileReference; fileEncoding = 4; lastKnownFileType = sourcecode.swift; path = RSSIObserver.swift; sourceTree = "<group>"; };
		D3A376B191A26044FDEBF5C5 /* Pods-Bluejay.release.xcconfig */ = {isa = PBXFileReference; includeInIndex = 1; lastKnownFileType = text.xcconfig; name = "Pods-Bluejay.release.xcconfig"; path = "Pods/Target Support Files/Pods-Bluejay/Pods-Bluejay.release.xcconfig"; sourceTree = "<group>"; };
		DF2D4A8FB079296042210FA7 /* Pods-DittojayHeartSensorDemo.release.xcconfig */ = {isa = PBXFileReference; includeInIndex = 1; lastKnownFileType = text.xcconfig; name = "Pods-DittojayHeartSensorDemo.release.xcconfig"; path = "Pods/Target Support Files/Pods-DittojayHeartSensorDemo/Pods-DittojayHeartSensorDemo.release.xcconfig"; sourceTree = "<group>"; };
/* End PBXFileReference section */

/* Begin PBXFrameworksBuildPhase section */
		B8383B5A21C3162800F07306 /* Frameworks */ = {
			isa = PBXFrameworksBuildPhase;
			buildActionMask = 2147483647;
			files = (
				B89C0B6321CC452500320A52 /* Bluejay.framework in Frameworks */,
				3B53B16E1014E47D8AF3BBDC /* Pods_BluejayHeartSensorDemo.framework in Frameworks */,
			);
			runOnlyForDeploymentPostprocessing = 0;
		};
		B87FDD5B21E567150010D6CF /* Frameworks */ = {
			isa = PBXFrameworksBuildPhase;
			buildActionMask = 2147483647;
			files = (
				B87FDD7221E576290010D6CF /* Bluejay.framework in Frameworks */,
				E33A92A4E6F64E08E1744EA5 /* Pods_DittojayHeartSensorDemo.framework in Frameworks */,
			);
			runOnlyForDeploymentPostprocessing = 0;
		};
		B8C70F711E1C22850006CF58 /* Frameworks */ = {
			isa = PBXFrameworksBuildPhase;
			buildActionMask = 2147483647;
			files = (
				7677FF3A64A35BBC9125A87E /* Pods_Bluejay.framework in Frameworks */,
			);
			runOnlyForDeploymentPostprocessing = 0;
		};
/* End PBXFrameworksBuildPhase section */

/* Begin PBXGroup section */
		715085F1986E94D0C3C78D72 /* Pods */ = {
			isa = PBXGroup;
			children = (
				916C6338CC4E6D8DBA1A561C /* Pods-Bluejay.debug.xcconfig */,
				D3A376B191A26044FDEBF5C5 /* Pods-Bluejay.release.xcconfig */,
				6D8D558D0951A33AECAED2CE /* Pods-BluejayHeartSensorDemo.debug.xcconfig */,
				6D73B082C20E892DBC931F5D /* Pods-BluejayHeartSensorDemo.release.xcconfig */,
				991CB1FE3605BDCF2951EEF8 /* Pods-DittojayHeartSensorDemo.debug.xcconfig */,
				DF2D4A8FB079296042210FA7 /* Pods-DittojayHeartSensorDemo.release.xcconfig */,
			);
			name = Pods;
			sourceTree = "<group>";
		};
		B8046D0021CD730F005A58A2 /* Serialization and Deserialization */ = {
			isa = PBXGroup;
			children = (
				B8C70FAA1E1C69C50006CF58 /* Sendable.swift */,
				B8C70FA81E1C69B60006CF58 /* Receivable.swift */,
				B8C70FAE1E1C6C780006CF58 /* Integer+Transferable.swift */,
				B842AAF71E4CF74300BB32EE /* String+Transferable.swift */,
				B869A2961E721D50003C1278 /* Data+Sendable.swift */,
				B8B5708E1ED8AEAA00603C0B /* Data+Extractable.swift */,
			);
			name = "Serialization and Deserialization";
			sourceTree = "<group>";
		};
		B8383B5E21C3162800F07306 /* BluejayHeartSensorDemo */ = {
			isa = PBXGroup;
			children = (
				B8383B5F21C3162800F07306 /* AppDelegate.swift */,
				B8DC6C6B21DD6B48004A8EA6 /* LogViewController.swift */,
				B89C0B6021CC410600320A52 /* ScanViewController.swift */,
				B89C0B6821CC49B700320A52 /* SensorViewController.swift */,
				B8CA5E5A1EFD935B006D7B12 /* HeartRateMeasurement.swift */,
				B8383B6321C3162800F07306 /* Main.storyboard */,
				B8383B6621C3162A00F07306 /* Assets.xcassets */,
				B8383B6821C3162A00F07306 /* LaunchScreen.storyboard */,
				B8383B6B21C3162A00F07306 /* Info.plist */,
			);
			path = BluejayHeartSensorDemo;
			sourceTree = "<group>";
		};
		B8383B7621C3260D00F07306 /* Peripheral */ = {
			isa = PBXGroup;
			children = (
				B8383B7121C3239B00F07306 /* PeripheralDelegate.swift */,
				B8C70FBC1E1C7DB60006CF58 /* Peripheral.swift */,
				B8022D991E1F041D00EA360B /* SynchronizedPeripheral.swift */,
			);
			name = Peripheral;
			sourceTree = "<group>";
		};
		B86586A7216D10A9002E8E2D /* Options */ = {
			isa = PBXGroup;
			children = (
				B86586A8216D1105002E8E2D /* StartOptions.swift */,
				2F74765C212E95F800D74B87 /* WarningOptions.swift */,
			);
			name = Options;
			sourceTree = "<group>";
		};
		B87FDD5F21E567150010D6CF /* DittojayHeartSensorDemo */ = {
			isa = PBXGroup;
			children = (
				B87FDD6021E567150010D6CF /* AppDelegate.swift */,
				B87FDD6221E567150010D6CF /* DittojayViewController.swift */,
				B87FDD7021E572C80010D6CF /* HeartRateMeasurement.swift */,
				B87FDD6421E567150010D6CF /* Main.storyboard */,
				B87FDD6721E567160010D6CF /* Assets.xcassets */,
				B87FDD6921E567160010D6CF /* LaunchScreen.storyboard */,
				B87FDD6C21E567160010D6CF /* Info.plist */,
			);
			path = DittojayHeartSensorDemo;
			sourceTree = "<group>";
		};
		B88A0D9D1E1DCFA300A00FF8 /* Queueing */ = {
			isa = PBXGroup;
			children = (
				B88F79911EB7D7590094D8D1 /* Queue */,
				B8C5E7111E64D6590094A708 /* Scanning */,
				B88F79901EB7D38C0094D8D1 /* Connectivity */,
				B89AA4861E3036E7006BA376 /* Peripheral Operations */,
			);
			name = Queueing;
			sourceTree = "<group>";
		};
		B88F79901EB7D38C0094D8D1 /* Connectivity */ = {
			isa = PBXGroup;
			children = (
				B89AA4831E303634006BA376 /* Connection.swift */,
				B8F8C0EC1E4E7CA300A0D0F7 /* Disconnection.swift */,
				B8C70FA21E1C65000006CF58 /* ConnectionResult.swift */,
				B81E37721EDE238900E0655F /* DisconnectionResult.swift */,
			);
			name = Connectivity;
			sourceTree = "<group>";
		};
		B88F79911EB7D7590094D8D1 /* Queue */ = {
			isa = PBXGroup;
			children = (
				B89AA4781E302114006BA376 /* Queue.swift */,
				B83271A81E313CA300D68581 /* Queueable.swift */,
				B8C70FC01E1C80150006CF58 /* QueueableState.swift */,
				B88A0D9B1E1DAA1600A00FF8 /* Event.swift */,
			);
			name = Queue;
			sourceTree = "<group>";
		};
		B89AA4861E3036E7006BA376 /* Peripheral Operations */ = {
			isa = PBXGroup;
			children = (
				B88F79941EB7DB420094D8D1 /* Operation.swift */,
				B88A0D9E1E1DCFBF00A00FF8 /* DiscoverService.swift */,
				B88A0DA01E1DD15600A00FF8 /* DiscoverCharacteristic.swift */,
				B8A947481EB93B5800347FF5 /* DiscoveryResult.swift */,
				B88A0DA21E1DD18B00A00FF8 /* ReadCharacteristic.swift */,
				B8C70FA41E1C65A20006CF58 /* ReadResult.swift */,
				B88A0DA41E1DD1A200A00FF8 /* WriteCharacteristic.swift */,
				B8022D971E1EEED900EA360B /* WriteResult.swift */,
				B88A0DA61E1DD1DE00A00FF8 /* ListenCharacteristic.swift */,
				B8022D9B1E1F052F00EA360B /* ListenAction.swift */,
				B8330D5021B9E03B006F29C7 /* ListenCallback.swift */,
				B8C9684821B5DDB900905896 /* MultipleListenOption.swift */,
				B8E9B3961EE0A724007519B0 /* RunResult.swift */,
			);
			name = "Peripheral Operations";
			sourceTree = "<group>";
		};
		B8C5E7111E64D6590094A708 /* Scanning */ = {
			isa = PBXGroup;
			children = (
				B89AA4871E30373D006BA376 /* Scan.swift */,
				B8C5E7121E64D6860094A708 /* ScanAction.swift */,
				B8C5E7141E64D93C0094A708 /* ScanDiscovery.swift */,
			);
			name = Scanning;
			sourceTree = "<group>";
		};
		B8C70F6B1E1C22850006CF58 = {
			isa = PBXGroup;
			children = (
				B8C70F771E1C22850006CF58 /* Bluejay */,
				B8383B5E21C3162800F07306 /* BluejayHeartSensorDemo */,
				B87FDD5F21E567150010D6CF /* DittojayHeartSensorDemo */,
				B8C70F761E1C22850006CF58 /* Products */,
				B8C70F9C1E1C5AD80006CF58 /* Frameworks */,
				715085F1986E94D0C3C78D72 /* Pods */,
			);
			sourceTree = "<group>";
		};
		B8C70F761E1C22850006CF58 /* Products */ = {
			isa = PBXGroup;
			children = (
				B8C70F751E1C22850006CF58 /* Bluejay.framework */,
				B8383B5D21C3162800F07306 /* BluejayHeartSensorDemo.app */,
				B87FDD5E21E567150010D6CF /* DittojayHeartSensorDemo.app */,
			);
			name = Products;
			sourceTree = "<group>";
		};
		B8C70F771E1C22850006CF58 /* Bluejay */ = {
			isa = PBXGroup;
			children = (
				B8C70F781E1C22850006CF58 /* Bluejay.h */,
				B8C70F8F1E1C505C0006CF58 /* Bluejay.swift */,
				B8C70F961E1C5A4F0006CF58 /* Error.swift */,
				B8383B7621C3260D00F07306 /* Peripheral */,
				B88A0D9D1E1DCFA300A00FF8 /* Queueing */,
				B8D2AADF1EC0F39E00F4F27C /* Background Restoration */,
				B8046D0021CD730F005A58A2 /* Serialization and Deserialization */,
				B8C70FA71E1C696A0006CF58 /* Protocols */,
				B8C70FA61E1C68AD0006CF58 /* Structs */,
				B8C70F931E1C56D80006CF58 /* Extensions */,
				B8C70F791E1C22850006CF58 /* Info.plist */,
			);
			path = Bluejay;
			sourceTree = "<group>";
		};
		B8C70F931E1C56D80006CF58 /* Extensions */ = {
			isa = PBXGroup;
			children = (
				B8C70F911E1C56330006CF58 /* CBPeripheral+FindService.swift */,
				B8D2078B1E26D446007E670A /* CBPeripheralState+ReturnString.swift */,
				B8D2078D1E26D702007E670A /* CBManagerState+ReturnString.swift */,
				B8C70F941E1C57250006CF58 /* CBService+FindCharacteristic.swift */,
			);
			name = Extensions;
			sourceTree = "<group>";
		};
		B8C70F9C1E1C5AD80006CF58 /* Frameworks */ = {
			isa = PBXGroup;
			children = (
				B8C70F9D1E1C5AD80006CF58 /* CoreBluetooth.framework */,
				1460DB02323E612C0106BFE7 /* Pods_Bluejay.framework */,
				B82FE820DEBA78205D73DB03 /* Pods_BluejayHeartSensorDemo.framework */,
				B4F875274536E6A2FACE6253 /* Pods_DittojayHeartSensorDemo.framework */,
			);
			name = Frameworks;
			sourceTree = "<group>";
		};
		B8C70FA61E1C68AD0006CF58 /* Structs */ = {
			isa = PBXGroup;
			children = (
				B86586A7216D10A9002E8E2D /* Options */,
				B8C70F981E1C5A7F0006CF58 /* ServiceIdentifier.swift */,
				B8C70F9A1E1C5A910006CF58 /* CharacteristicIdentifier.swift */,
				B8C70F9F1E1C61BD0006CF58 /* PeripheralIdentifier.swift */,
				B8C70FB01E1C6F150006CF58 /* DataPadding.swift */,
			);
			name = Structs;
			sourceTree = "<group>";
		};
		B8C70FA71E1C696A0006CF58 /* Protocols */ = {
			isa = PBXGroup;
			children = (
				B8C70FB81E1C725C0006CF58 /* ConnectionObserver.swift */,
				B8FE9DF41E73597A00D361CE /* RSSIObserver.swift */,
				B843657D221F73FC00990C83 /* ServiceObserver.swift */,
				B8DC6C6D21DD7917004A8EA6 /* LogObserver.swift */,
				B80D299A2170062D001C3C9B /* DisconnectHandler.swift */,
			);
			name = Protocols;
			sourceTree = "<group>";
		};
		B8D2AADF1EC0F39E00F4F27C /* Background Restoration */ = {
			isa = PBXGroup;
			children = (
				B8E9B3981EE0BDD0007519B0 /* BackgroundRestoreMode.swift */,
				B87CBB4C21C05F8400B67B5B /* BackgroundRestoreConfig.swift */,
				B83A67CD219F45C300076B9F /* BackgroundRestorer.swift */,
				B8383B6F21C31B2D00F07306 /* ListenRestorer.swift */,
			);
			name = "Background Restoration";
			sourceTree = "<group>";
		};
/* End PBXGroup section */

/* Begin PBXHeadersBuildPhase section */
		B8C70F721E1C22850006CF58 /* Headers */ = {
			isa = PBXHeadersBuildPhase;
			buildActionMask = 2147483647;
			files = (
				B8C70F861E1C22850006CF58 /* Bluejay.h in Headers */,
			);
			runOnlyForDeploymentPostprocessing = 0;
		};
/* End PBXHeadersBuildPhase section */

/* Begin PBXNativeTarget section */
		B8383B5C21C3162800F07306 /* BluejayHeartSensorDemo */ = {
			isa = PBXNativeTarget;
			buildConfigurationList = B8383B6E21C3162A00F07306 /* Build configuration list for PBXNativeTarget "BluejayHeartSensorDemo" */;
			buildPhases = (
				A3B0253955770A9E58E075E5 /* [CP] Check Pods Manifest.lock */,
				B8383B5921C3162800F07306 /* Sources */,
				B8383B5A21C3162800F07306 /* Frameworks */,
				B8383B5B21C3162800F07306 /* Resources */,
				B89C0B6721CC452500320A52 /* Embed Frameworks */,
			);
			buildRules = (
			);
			dependencies = (
				B89C0B6621CC452500320A52 /* PBXTargetDependency */,
			);
			name = BluejayHeartSensorDemo;
			productName = BluejayHeartSensorDemo;
			productReference = B8383B5D21C3162800F07306 /* BluejayHeartSensorDemo.app */;
			productType = "com.apple.product-type.application";
		};
		B87FDD5D21E567150010D6CF /* DittojayHeartSensorDemo */ = {
			isa = PBXNativeTarget;
			buildConfigurationList = B87FDD6F21E567160010D6CF /* Build configuration list for PBXNativeTarget "DittojayHeartSensorDemo" */;
			buildPhases = (
				2154D499E198B7158C3AE862 /* [CP] Check Pods Manifest.lock */,
				B87FDD5A21E567150010D6CF /* Sources */,
				B87FDD5B21E567150010D6CF /* Frameworks */,
				B87FDD5C21E567150010D6CF /* Resources */,
				B87FDD7621E576290010D6CF /* Embed Frameworks */,
			);
			buildRules = (
			);
			dependencies = (
				B87FDD7521E576290010D6CF /* PBXTargetDependency */,
			);
			name = DittojayHeartSensorDemo;
			productName = DittojayHeartSensorDemo;
			productReference = B87FDD5E21E567150010D6CF /* DittojayHeartSensorDemo.app */;
			productType = "com.apple.product-type.application";
		};
		B8C70F741E1C22850006CF58 /* Bluejay */ = {
			isa = PBXNativeTarget;
			buildConfigurationList = B8C70F891E1C22850006CF58 /* Build configuration list for PBXNativeTarget "Bluejay" */;
			buildPhases = (
				E74B2676FBABC2E126DD9A0D /* [CP] Check Pods Manifest.lock */,
				B8C70F701E1C22850006CF58 /* Sources */,
				B8C70F711E1C22850006CF58 /* Frameworks */,
				B8C70F721E1C22850006CF58 /* Headers */,
				B8C70F731E1C22850006CF58 /* Resources */,
				B8F72762219114DC00286236 /* ShellScript */,
			);
			buildRules = (
			);
			dependencies = (
			);
			name = Bluejay;
			productName = Bluejay;
			productReference = B8C70F751E1C22850006CF58 /* Bluejay.framework */;
			productType = "com.apple.product-type.framework";
		};
/* End PBXNativeTarget section */

/* Begin PBXProject section */
		B8C70F6C1E1C22850006CF58 /* Project object */ = {
			isa = PBXProject;
			attributes = {
				LastSwiftUpdateCheck = 1010;
				LastUpgradeCheck = 1010;
				ORGANIZATIONNAME = "Steamclock Software";
				TargetAttributes = {
					B8383B5C21C3162800F07306 = {
						CreatedOnToolsVersion = 10.1;
						DevelopmentTeam = GH868RP95T;
						LastSwiftMigration = 1020;
						ProvisioningStyle = Automatic;
						SystemCapabilities = {
							com.apple.BackgroundModes = {
								enabled = 1;
							};
						};
					};
					B87FDD5D21E567150010D6CF = {
						CreatedOnToolsVersion = 10.1;
						DevelopmentTeam = GH868RP95T;
						LastSwiftMigration = 1020;
						ProvisioningStyle = Automatic;
						SystemCapabilities = {
							com.apple.BackgroundModes = {
								enabled = 1;
							};
						};
					};
					B8C70F741E1C22850006CF58 = {
						CreatedOnToolsVersion = 8.2.1;
						DevelopmentTeam = GH868RP95T;
						LastSwiftMigration = 1020;
						ProvisioningStyle = Automatic;
					};
				};
			};
			buildConfigurationList = B8C70F6F1E1C22850006CF58 /* Build configuration list for PBXProject "Bluejay" */;
			compatibilityVersion = "Xcode 3.2";
			developmentRegion = en;
			hasScannedForEncodings = 0;
			knownRegions = (
				en,
				Base,
			);
			mainGroup = B8C70F6B1E1C22850006CF58;
			productRefGroup = B8C70F761E1C22850006CF58 /* Products */;
			projectDirPath = "";
			projectRoot = "";
			targets = (
				B8C70F741E1C22850006CF58 /* Bluejay */,
				B8383B5C21C3162800F07306 /* BluejayHeartSensorDemo */,
				B87FDD5D21E567150010D6CF /* DittojayHeartSensorDemo */,
			);
		};
/* End PBXProject section */

/* Begin PBXResourcesBuildPhase section */
		B8383B5B21C3162800F07306 /* Resources */ = {
			isa = PBXResourcesBuildPhase;
			buildActionMask = 2147483647;
			files = (
				B8383B6A21C3162A00F07306 /* LaunchScreen.storyboard in Resources */,
				B8383B6721C3162A00F07306 /* Assets.xcassets in Resources */,
				B8383B6521C3162800F07306 /* Main.storyboard in Resources */,
			);
			runOnlyForDeploymentPostprocessing = 0;
		};
		B87FDD5C21E567150010D6CF /* Resources */ = {
			isa = PBXResourcesBuildPhase;
			buildActionMask = 2147483647;
			files = (
				B87FDD6B21E567160010D6CF /* LaunchScreen.storyboard in Resources */,
				B87FDD6821E567160010D6CF /* Assets.xcassets in Resources */,
				B87FDD6621E567150010D6CF /* Main.storyboard in Resources */,
			);
			runOnlyForDeploymentPostprocessing = 0;
		};
		B8C70F731E1C22850006CF58 /* Resources */ = {
			isa = PBXResourcesBuildPhase;
			buildActionMask = 2147483647;
			files = (
			);
			runOnlyForDeploymentPostprocessing = 0;
		};
/* End PBXResourcesBuildPhase section */

/* Begin PBXShellScriptBuildPhase section */
		2154D499E198B7158C3AE862 /* [CP] Check Pods Manifest.lock */ = {
			isa = PBXShellScriptBuildPhase;
			buildActionMask = 2147483647;
			files = (
			);
			inputPaths = (
				"${PODS_PODFILE_DIR_PATH}/Podfile.lock",
				"${PODS_ROOT}/Manifest.lock",
			);
			name = "[CP] Check Pods Manifest.lock";
			outputPaths = (
				"$(DERIVED_FILE_DIR)/Pods-DittojayHeartSensorDemo-checkManifestLockResult.txt",
			);
			runOnlyForDeploymentPostprocessing = 0;
			shellPath = /bin/sh;
			shellScript = "diff \"${PODS_PODFILE_DIR_PATH}/Podfile.lock\" \"${PODS_ROOT}/Manifest.lock\" > /dev/null\nif [ $? != 0 ] ; then\n    # print error to STDERR\n    echo \"error: The sandbox is not in sync with the Podfile.lock. Run 'pod install' or update your CocoaPods installation.\" >&2\n    exit 1\nfi\n# This output is used by Xcode 'outputs' to avoid re-running this script phase.\necho \"SUCCESS\" > \"${SCRIPT_OUTPUT_FILE_0}\"\n";
			showEnvVarsInLog = 0;
		};
		A3B0253955770A9E58E075E5 /* [CP] Check Pods Manifest.lock */ = {
			isa = PBXShellScriptBuildPhase;
			buildActionMask = 2147483647;
			files = (
			);
			inputPaths = (
				"${PODS_PODFILE_DIR_PATH}/Podfile.lock",
				"${PODS_ROOT}/Manifest.lock",
			);
			name = "[CP] Check Pods Manifest.lock";
			outputPaths = (
				"$(DERIVED_FILE_DIR)/Pods-BluejayHeartSensorDemo-checkManifestLockResult.txt",
			);
			runOnlyForDeploymentPostprocessing = 0;
			shellPath = /bin/sh;
			shellScript = "diff \"${PODS_PODFILE_DIR_PATH}/Podfile.lock\" \"${PODS_ROOT}/Manifest.lock\" > /dev/null\nif [ $? != 0 ] ; then\n    # print error to STDERR\n    echo \"error: The sandbox is not in sync with the Podfile.lock. Run 'pod install' or update your CocoaPods installation.\" >&2\n    exit 1\nfi\n# This output is used by Xcode 'outputs' to avoid re-running this script phase.\necho \"SUCCESS\" > \"${SCRIPT_OUTPUT_FILE_0}\"\n";
			showEnvVarsInLog = 0;
		};
		B8F72762219114DC00286236 /* ShellScript */ = {
			isa = PBXShellScriptBuildPhase;
			buildActionMask = 2147483647;
			files = (
			);
			inputPaths = (
			);
			outputPaths = (
			);
			runOnlyForDeploymentPostprocessing = 0;
			shellPath = /bin/sh;
			shellScript = "\"${PODS_ROOT}/SwiftLint/swiftlint\"\n";
		};
		E74B2676FBABC2E126DD9A0D /* [CP] Check Pods Manifest.lock */ = {
			isa = PBXShellScriptBuildPhase;
			buildActionMask = 2147483647;
			files = (
			);
			inputPaths = (
				"${PODS_PODFILE_DIR_PATH}/Podfile.lock",
				"${PODS_ROOT}/Manifest.lock",
			);
			name = "[CP] Check Pods Manifest.lock";
			outputPaths = (
				"$(DERIVED_FILE_DIR)/Pods-Bluejay-checkManifestLockResult.txt",
			);
			runOnlyForDeploymentPostprocessing = 0;
			shellPath = /bin/sh;
			shellScript = "diff \"${PODS_PODFILE_DIR_PATH}/Podfile.lock\" \"${PODS_ROOT}/Manifest.lock\" > /dev/null\nif [ $? != 0 ] ; then\n    # print error to STDERR\n    echo \"error: The sandbox is not in sync with the Podfile.lock. Run 'pod install' or update your CocoaPods installation.\" >&2\n    exit 1\nfi\n# This output is used by Xcode 'outputs' to avoid re-running this script phase.\necho \"SUCCESS\" > \"${SCRIPT_OUTPUT_FILE_0}\"\n";
			showEnvVarsInLog = 0;
		};
/* End PBXShellScriptBuildPhase section */

/* Begin PBXSourcesBuildPhase section */
		B8383B5921C3162800F07306 /* Sources */ = {
			isa = PBXSourcesBuildPhase;
			buildActionMask = 2147483647;
			files = (
				B89C0B5E21CC3FC800320A52 /* HeartRateMeasurement.swift in Sources */,
				B8DC6C6C21DD6B49004A8EA6 /* LogViewController.swift in Sources */,
				B8383B6021C3162800F07306 /* AppDelegate.swift in Sources */,
				B89C0B6921CC49B700320A52 /* SensorViewController.swift in Sources */,
				B89C0B6121CC410600320A52 /* ScanViewController.swift in Sources */,
			);
			runOnlyForDeploymentPostprocessing = 0;
		};
		B87FDD5A21E567150010D6CF /* Sources */ = {
			isa = PBXSourcesBuildPhase;
			buildActionMask = 2147483647;
			files = (
				B87FDD6321E567150010D6CF /* DittojayViewController.swift in Sources */,
				B87FDD7121E572C80010D6CF /* HeartRateMeasurement.swift in Sources */,
				B87FDD6121E567150010D6CF /* AppDelegate.swift in Sources */,
			);
			runOnlyForDeploymentPostprocessing = 0;
		};
		B8C70F701E1C22850006CF58 /* Sources */ = {
			isa = PBXSourcesBuildPhase;
			buildActionMask = 2147483647;
			files = (
				B8C70FAF1E1C6C780006CF58 /* Integer+Transferable.swift in Sources */,
				B8C70F921E1C56330006CF58 /* CBPeripheral+FindService.swift in Sources */,
				B8C70F901E1C505C0006CF58 /* Bluejay.swift in Sources */,
				B8C70F951E1C57250006CF58 /* CBService+FindCharacteristic.swift in Sources */,
				B8D2078E1E26D702007E670A /* CBManagerState+ReturnString.swift in Sources */,
				B8C70FBD1E1C7DB60006CF58 /* Peripheral.swift in Sources */,
				B8C70FA51E1C65A20006CF58 /* ReadResult.swift in Sources */,
				B8C70FC11E1C80150006CF58 /* QueueableState.swift in Sources */,
				B8C5E7151E64D93C0094A708 /* ScanDiscovery.swift in Sources */,
				B8E9B3991EE0BDD0007519B0 /* BackgroundRestoreMode.swift in Sources */,
				B81E37731EDE238900E0655F /* DisconnectionResult.swift in Sources */,
				B8C5E7131E64D6860094A708 /* ScanAction.swift in Sources */,
				B8383B7221C3239B00F07306 /* PeripheralDelegate.swift in Sources */,
				B8C70FA31E1C65000006CF58 /* ConnectionResult.swift in Sources */,
				B88A0DA11E1DD15600A00FF8 /* DiscoverCharacteristic.swift in Sources */,
				B80D299B2170062D001C3C9B /* DisconnectHandler.swift in Sources */,
				B842AAF81E4CF74300BB32EE /* String+Transferable.swift in Sources */,
				B8DC6C6E21DD7917004A8EA6 /* LogObserver.swift in Sources */,
				B83A67CE219F45C300076B9F /* BackgroundRestorer.swift in Sources */,
				B83271A91E313CA300D68581 /* Queueable.swift in Sources */,
				B8F8C0ED1E4E7CA300A0D0F7 /* Disconnection.swift in Sources */,
				B8C70F991E1C5A7F0006CF58 /* ServiceIdentifier.swift in Sources */,
				B88A0DA31E1DD18B00A00FF8 /* ReadCharacteristic.swift in Sources */,
				B8C9684921B5DDB900905896 /* MultipleListenOption.swift in Sources */,
				B8330D5121B9E03B006F29C7 /* ListenCallback.swift in Sources */,
				B8022D981E1EEED900EA360B /* WriteResult.swift in Sources */,
				B89AA4881E30373D006BA376 /* Scan.swift in Sources */,
				2F74765D212E95F800D74B87 /* WarningOptions.swift in Sources */,
				B86586A9216D1105002E8E2D /* StartOptions.swift in Sources */,
				B8FE9DF51E73597A00D361CE /* RSSIObserver.swift in Sources */,
				B8B5708F1ED8AEAA00603C0B /* Data+Extractable.swift in Sources */,
				B8C70FA91E1C69B60006CF58 /* Receivable.swift in Sources */,
				B88A0DA71E1DD1DE00A00FF8 /* ListenCharacteristic.swift in Sources */,
				B8C70F971E1C5A4F0006CF58 /* Error.swift in Sources */,
				B8A947491EB93B5800347FF5 /* DiscoveryResult.swift in Sources */,
				B88A0D9F1E1DCFBF00A00FF8 /* DiscoverService.swift in Sources */,
				B8022D9A1E1F041D00EA360B /* SynchronizedPeripheral.swift in Sources */,
				B8C70FB11E1C6F150006CF58 /* DataPadding.swift in Sources */,
				B8383B7021C31B2D00F07306 /* ListenRestorer.swift in Sources */,
				B8022D9C1E1F052F00EA360B /* ListenAction.swift in Sources */,
				B8C70F9B1E1C5A910006CF58 /* CharacteristicIdentifier.swift in Sources */,
				B843657E221F73FC00990C83 /* ServiceObserver.swift in Sources */,
				B869A2971E721D50003C1278 /* Data+Sendable.swift in Sources */,
				B8D2078C1E26D446007E670A /* CBPeripheralState+ReturnString.swift in Sources */,
				B88F79951EB7DB420094D8D1 /* Operation.swift in Sources */,
				B88A0D9C1E1DAA1600A00FF8 /* Event.swift in Sources */,
				B89AA4841E303634006BA376 /* Connection.swift in Sources */,
				B8E9B3971EE0A724007519B0 /* RunResult.swift in Sources */,
				B88A0DA51E1DD1A200A00FF8 /* WriteCharacteristic.swift in Sources */,
				B8C70FAB1E1C69C50006CF58 /* Sendable.swift in Sources */,
				B89AA4791E302114006BA376 /* Queue.swift in Sources */,
				B8C70FB91E1C725C0006CF58 /* ConnectionObserver.swift in Sources */,
				B87CBB4D21C05F8400B67B5B /* BackgroundRestoreConfig.swift in Sources */,
				B8C70FA01E1C61BD0006CF58 /* PeripheralIdentifier.swift in Sources */,
			);
			runOnlyForDeploymentPostprocessing = 0;
		};
/* End PBXSourcesBuildPhase section */

/* Begin PBXTargetDependency section */
		B87FDD7521E576290010D6CF /* PBXTargetDependency */ = {
			isa = PBXTargetDependency;
			target = B8C70F741E1C22850006CF58 /* Bluejay */;
			targetProxy = B87FDD7421E576290010D6CF /* PBXContainerItemProxy */;
		};
		B89C0B6621CC452500320A52 /* PBXTargetDependency */ = {
			isa = PBXTargetDependency;
			target = B8C70F741E1C22850006CF58 /* Bluejay */;
			targetProxy = B89C0B6521CC452500320A52 /* PBXContainerItemProxy */;
		};
/* End PBXTargetDependency section */

/* Begin PBXVariantGroup section */
		B8383B6321C3162800F07306 /* Main.storyboard */ = {
			isa = PBXVariantGroup;
			children = (
				B8383B6421C3162800F07306 /* Base */,
			);
			name = Main.storyboard;
			sourceTree = "<group>";
		};
		B8383B6821C3162A00F07306 /* LaunchScreen.storyboard */ = {
			isa = PBXVariantGroup;
			children = (
				B8383B6921C3162A00F07306 /* Base */,
			);
			name = LaunchScreen.storyboard;
			sourceTree = "<group>";
		};
		B87FDD6421E567150010D6CF /* Main.storyboard */ = {
			isa = PBXVariantGroup;
			children = (
				B87FDD6521E567150010D6CF /* Base */,
			);
			name = Main.storyboard;
			sourceTree = "<group>";
		};
		B87FDD6921E567160010D6CF /* LaunchScreen.storyboard */ = {
			isa = PBXVariantGroup;
			children = (
				B87FDD6A21E567160010D6CF /* Base */,
			);
			name = LaunchScreen.storyboard;
			sourceTree = "<group>";
		};
/* End PBXVariantGroup section */

/* Begin XCBuildConfiguration section */
		B8383B6C21C3162A00F07306 /* Debug */ = {
			isa = XCBuildConfiguration;
			baseConfigurationReference = 6D8D558D0951A33AECAED2CE /* Pods-BluejayHeartSensorDemo.debug.xcconfig */;
			buildSettings = {
				ALWAYS_EMBED_SWIFT_STANDARD_LIBRARIES = YES;
				ASSETCATALOG_COMPILER_APPICON_NAME = AppIcon;
				CLANG_ANALYZER_NUMBER_OBJECT_CONVERSION = YES_AGGRESSIVE;
				CLANG_CXX_LANGUAGE_STANDARD = "gnu++14";
				CLANG_ENABLE_OBJC_WEAK = YES;
				CLANG_WARN_UNGUARDED_AVAILABILITY = YES_AGGRESSIVE;
				CODE_SIGN_IDENTITY = "iPhone Developer";
				CODE_SIGN_STYLE = Automatic;
				DEVELOPMENT_TEAM = GH868RP95T;
				GCC_C_LANGUAGE_STANDARD = gnu11;
				INFOPLIST_FILE = BluejayHeartSensorDemo/Info.plist;
				IPHONEOS_DEPLOYMENT_TARGET = 11.0;
				LD_RUNPATH_SEARCH_PATHS = "$(inherited) @executable_path/Frameworks";
				MTL_ENABLE_DEBUG_INFO = INCLUDE_SOURCE;
				MTL_FAST_MATH = YES;
				PRODUCT_BUNDLE_IDENTIFIER = com.steamclock.BluejayHeartSensorDemo;
				PRODUCT_NAME = "$(TARGET_NAME)";
				PROVISIONING_PROFILE_SPECIFIER = "";
				SWIFT_VERSION = 5.0;
				TARGETED_DEVICE_FAMILY = 1;
			};
			name = Debug;
		};
		B8383B6D21C3162A00F07306 /* Release */ = {
			isa = XCBuildConfiguration;
			baseConfigurationReference = 6D73B082C20E892DBC931F5D /* Pods-BluejayHeartSensorDemo.release.xcconfig */;
			buildSettings = {
				ALWAYS_EMBED_SWIFT_STANDARD_LIBRARIES = YES;
				ASSETCATALOG_COMPILER_APPICON_NAME = AppIcon;
				CLANG_ANALYZER_NUMBER_OBJECT_CONVERSION = YES_AGGRESSIVE;
				CLANG_CXX_LANGUAGE_STANDARD = "gnu++14";
				CLANG_ENABLE_OBJC_WEAK = YES;
				CLANG_WARN_UNGUARDED_AVAILABILITY = YES_AGGRESSIVE;
				CODE_SIGN_IDENTITY = "iPhone Developer";
				CODE_SIGN_STYLE = Automatic;
				DEVELOPMENT_TEAM = GH868RP95T;
				GCC_C_LANGUAGE_STANDARD = gnu11;
				INFOPLIST_FILE = BluejayHeartSensorDemo/Info.plist;
				IPHONEOS_DEPLOYMENT_TARGET = 11.0;
				LD_RUNPATH_SEARCH_PATHS = "$(inherited) @executable_path/Frameworks";
				MTL_FAST_MATH = YES;
				PRODUCT_BUNDLE_IDENTIFIER = com.steamclock.BluejayHeartSensorDemo;
				PRODUCT_NAME = "$(TARGET_NAME)";
				PROVISIONING_PROFILE_SPECIFIER = "";
				SWIFT_VERSION = 5.0;
				TARGETED_DEVICE_FAMILY = 1;
			};
			name = Release;
		};
		B87FDD6D21E567160010D6CF /* Debug */ = {
			isa = XCBuildConfiguration;
			baseConfigurationReference = 991CB1FE3605BDCF2951EEF8 /* Pods-DittojayHeartSensorDemo.debug.xcconfig */;
			buildSettings = {
				ALWAYS_EMBED_SWIFT_STANDARD_LIBRARIES = YES;
				ASSETCATALOG_COMPILER_APPICON_NAME = AppIcon;
				CLANG_ANALYZER_NUMBER_OBJECT_CONVERSION = YES_AGGRESSIVE;
				CLANG_CXX_LANGUAGE_STANDARD = "gnu++14";
				CLANG_ENABLE_OBJC_WEAK = YES;
				CLANG_WARN_UNGUARDED_AVAILABILITY = YES_AGGRESSIVE;
				CODE_SIGN_IDENTITY = "iPhone Developer";
				CODE_SIGN_STYLE = Automatic;
				DEVELOPMENT_TEAM = GH868RP95T;
				GCC_C_LANGUAGE_STANDARD = gnu11;
				INFOPLIST_FILE = DittojayHeartSensorDemo/Info.plist;
				IPHONEOS_DEPLOYMENT_TARGET = 11.0;
				LD_RUNPATH_SEARCH_PATHS = "$(inherited) @executable_path/Frameworks";
				MTL_ENABLE_DEBUG_INFO = INCLUDE_SOURCE;
				MTL_FAST_MATH = YES;
				PRODUCT_BUNDLE_IDENTIFIER = com.steamclock.DittojayHeartSensorDemo;
				PRODUCT_NAME = "$(TARGET_NAME)";
				SWIFT_VERSION = 5.0;
				TARGETED_DEVICE_FAMILY = 1;
			};
			name = Debug;
		};
		B87FDD6E21E567160010D6CF /* Release */ = {
			isa = XCBuildConfiguration;
			baseConfigurationReference = DF2D4A8FB079296042210FA7 /* Pods-DittojayHeartSensorDemo.release.xcconfig */;
			buildSettings = {
				ALWAYS_EMBED_SWIFT_STANDARD_LIBRARIES = YES;
				ASSETCATALOG_COMPILER_APPICON_NAME = AppIcon;
				CLANG_ANALYZER_NUMBER_OBJECT_CONVERSION = YES_AGGRESSIVE;
				CLANG_CXX_LANGUAGE_STANDARD = "gnu++14";
				CLANG_ENABLE_OBJC_WEAK = YES;
				CLANG_WARN_UNGUARDED_AVAILABILITY = YES_AGGRESSIVE;
				CODE_SIGN_IDENTITY = "iPhone Developer";
				CODE_SIGN_STYLE = Automatic;
				DEVELOPMENT_TEAM = GH868RP95T;
				GCC_C_LANGUAGE_STANDARD = gnu11;
				INFOPLIST_FILE = DittojayHeartSensorDemo/Info.plist;
				IPHONEOS_DEPLOYMENT_TARGET = 11.0;
				LD_RUNPATH_SEARCH_PATHS = "$(inherited) @executable_path/Frameworks";
				MTL_FAST_MATH = YES;
				PRODUCT_BUNDLE_IDENTIFIER = com.steamclock.DittojayHeartSensorDemo;
				PRODUCT_NAME = "$(TARGET_NAME)";
				SWIFT_VERSION = 5.0;
				TARGETED_DEVICE_FAMILY = 1;
			};
			name = Release;
		};
		B8C70F871E1C22850006CF58 /* Debug */ = {
			isa = XCBuildConfiguration;
			buildSettings = {
				ALWAYS_SEARCH_USER_PATHS = NO;
				CLANG_ANALYZER_NONNULL = YES;
				CLANG_CXX_LANGUAGE_STANDARD = "gnu++0x";
				CLANG_CXX_LIBRARY = "libc++";
				CLANG_ENABLE_MODULES = YES;
				CLANG_ENABLE_OBJC_ARC = YES;
				CLANG_WARN_BLOCK_CAPTURE_AUTORELEASING = YES;
				CLANG_WARN_BOOL_CONVERSION = YES;
				CLANG_WARN_COMMA = YES;
				CLANG_WARN_CONSTANT_CONVERSION = YES;
				CLANG_WARN_DEPRECATED_OBJC_IMPLEMENTATIONS = YES;
				CLANG_WARN_DIRECT_OBJC_ISA_USAGE = YES_ERROR;
				CLANG_WARN_DOCUMENTATION_COMMENTS = YES;
				CLANG_WARN_EMPTY_BODY = YES;
				CLANG_WARN_ENUM_CONVERSION = YES;
				CLANG_WARN_INFINITE_RECURSION = YES;
				CLANG_WARN_INT_CONVERSION = YES;
				CLANG_WARN_NON_LITERAL_NULL_CONVERSION = YES;
				CLANG_WARN_OBJC_IMPLICIT_RETAIN_SELF = YES;
				CLANG_WARN_OBJC_LITERAL_CONVERSION = YES;
				CLANG_WARN_OBJC_ROOT_CLASS = YES_ERROR;
				CLANG_WARN_RANGE_LOOP_ANALYSIS = YES;
				CLANG_WARN_STRICT_PROTOTYPES = YES;
				CLANG_WARN_SUSPICIOUS_MOVE = YES;
				CLANG_WARN_UNREACHABLE_CODE = YES;
				CLANG_WARN__DUPLICATE_METHOD_MATCH = YES;
				"CODE_SIGN_IDENTITY[sdk=iphoneos*]" = "iPhone Developer";
				COPY_PHASE_STRIP = NO;
				CURRENT_PROJECT_VERSION = 1;
				DEBUG_INFORMATION_FORMAT = dwarf;
				ENABLE_STRICT_OBJC_MSGSEND = YES;
				ENABLE_TESTABILITY = YES;
				GCC_C_LANGUAGE_STANDARD = gnu99;
				GCC_DYNAMIC_NO_PIC = NO;
				GCC_NO_COMMON_BLOCKS = YES;
				GCC_OPTIMIZATION_LEVEL = 0;
				GCC_PREPROCESSOR_DEFINITIONS = (
					"DEBUG=1",
					"$(inherited)",
				);
				GCC_WARN_64_TO_32_BIT_CONVERSION = YES;
				GCC_WARN_ABOUT_RETURN_TYPE = YES_ERROR;
				GCC_WARN_UNDECLARED_SELECTOR = YES;
				GCC_WARN_UNINITIALIZED_AUTOS = YES_AGGRESSIVE;
				GCC_WARN_UNUSED_FUNCTION = YES;
				GCC_WARN_UNUSED_VARIABLE = YES;
				IPHONEOS_DEPLOYMENT_TARGET = 10.2;
				MTL_ENABLE_DEBUG_INFO = YES;
				ONLY_ACTIVE_ARCH = YES;
				SDKROOT = iphoneos;
				SWIFT_ACTIVE_COMPILATION_CONDITIONS = DEBUG;
				SWIFT_OPTIMIZATION_LEVEL = "-Onone";
				TARGETED_DEVICE_FAMILY = "1,2";
				VERSIONING_SYSTEM = "apple-generic";
				VERSION_INFO_PREFIX = "";
			};
			name = Debug;
		};
		B8C70F881E1C22850006CF58 /* Release */ = {
			isa = XCBuildConfiguration;
			buildSettings = {
				ALWAYS_SEARCH_USER_PATHS = NO;
				CLANG_ANALYZER_NONNULL = YES;
				CLANG_CXX_LANGUAGE_STANDARD = "gnu++0x";
				CLANG_CXX_LIBRARY = "libc++";
				CLANG_ENABLE_MODULES = YES;
				CLANG_ENABLE_OBJC_ARC = YES;
				CLANG_WARN_BLOCK_CAPTURE_AUTORELEASING = YES;
				CLANG_WARN_BOOL_CONVERSION = YES;
				CLANG_WARN_COMMA = YES;
				CLANG_WARN_CONSTANT_CONVERSION = YES;
				CLANG_WARN_DEPRECATED_OBJC_IMPLEMENTATIONS = YES;
				CLANG_WARN_DIRECT_OBJC_ISA_USAGE = YES_ERROR;
				CLANG_WARN_DOCUMENTATION_COMMENTS = YES;
				CLANG_WARN_EMPTY_BODY = YES;
				CLANG_WARN_ENUM_CONVERSION = YES;
				CLANG_WARN_INFINITE_RECURSION = YES;
				CLANG_WARN_INT_CONVERSION = YES;
				CLANG_WARN_NON_LITERAL_NULL_CONVERSION = YES;
				CLANG_WARN_OBJC_IMPLICIT_RETAIN_SELF = YES;
				CLANG_WARN_OBJC_LITERAL_CONVERSION = YES;
				CLANG_WARN_OBJC_ROOT_CLASS = YES_ERROR;
				CLANG_WARN_RANGE_LOOP_ANALYSIS = YES;
				CLANG_WARN_STRICT_PROTOTYPES = YES;
				CLANG_WARN_SUSPICIOUS_MOVE = YES;
				CLANG_WARN_UNREACHABLE_CODE = YES;
				CLANG_WARN__DUPLICATE_METHOD_MATCH = YES;
				"CODE_SIGN_IDENTITY[sdk=iphoneos*]" = "iPhone Developer";
				COPY_PHASE_STRIP = NO;
				CURRENT_PROJECT_VERSION = 1;
				DEBUG_INFORMATION_FORMAT = "dwarf-with-dsym";
				ENABLE_NS_ASSERTIONS = NO;
				ENABLE_STRICT_OBJC_MSGSEND = YES;
				GCC_C_LANGUAGE_STANDARD = gnu99;
				GCC_NO_COMMON_BLOCKS = YES;
				GCC_WARN_64_TO_32_BIT_CONVERSION = YES;
				GCC_WARN_ABOUT_RETURN_TYPE = YES_ERROR;
				GCC_WARN_UNDECLARED_SELECTOR = YES;
				GCC_WARN_UNINITIALIZED_AUTOS = YES_AGGRESSIVE;
				GCC_WARN_UNUSED_FUNCTION = YES;
				GCC_WARN_UNUSED_VARIABLE = YES;
				IPHONEOS_DEPLOYMENT_TARGET = 10.2;
				MTL_ENABLE_DEBUG_INFO = NO;
				SDKROOT = iphoneos;
				SWIFT_OPTIMIZATION_LEVEL = "-Owholemodule";
				TARGETED_DEVICE_FAMILY = "1,2";
				VALIDATE_PRODUCT = YES;
				VERSIONING_SYSTEM = "apple-generic";
				VERSION_INFO_PREFIX = "";
			};
			name = Release;
		};
		B8C70F8A1E1C22850006CF58 /* Debug */ = {
			isa = XCBuildConfiguration;
			baseConfigurationReference = 916C6338CC4E6D8DBA1A561C /* Pods-Bluejay.debug.xcconfig */;
			buildSettings = {
				APPLICATION_EXTENSION_API_ONLY = NO;
				CLANG_ENABLE_MODULES = YES;
				CODE_SIGN_IDENTITY = "";
				DEFINES_MODULE = YES;
				DEVELOPMENT_TEAM = GH868RP95T;
				DYLIB_COMPATIBILITY_VERSION = 1;
				DYLIB_CURRENT_VERSION = 1;
				DYLIB_INSTALL_NAME_BASE = "@rpath";
				INFOPLIST_FILE = Bluejay/Info.plist;
				INSTALL_PATH = "$(LOCAL_LIBRARY_DIR)/Frameworks";
				IPHONEOS_DEPLOYMENT_TARGET = 11.0;
				LD_RUNPATH_SEARCH_PATHS = "$(inherited) @executable_path/Frameworks @loader_path/Frameworks";
				MARKETING_VERSION = 0.8.8;
				PRODUCT_BUNDLE_IDENTIFIER = com.steamclock.Bluejay;
				PRODUCT_NAME = "$(TARGET_NAME)";
				SKIP_INSTALL = YES;
				SUPPORTS_MACCATALYST = NO;
				SWIFT_OPTIMIZATION_LEVEL = "-Onone";
				SWIFT_VERSION = 5.0;
				TARGETED_DEVICE_FAMILY = 1;
			};
			name = Debug;
		};
		B8C70F8B1E1C22850006CF58 /* Release */ = {
			isa = XCBuildConfiguration;
			baseConfigurationReference = D3A376B191A26044FDEBF5C5 /* Pods-Bluejay.release.xcconfig */;
			buildSettings = {
				APPLICATION_EXTENSION_API_ONLY = NO;
				CLANG_ENABLE_MODULES = YES;
				CODE_SIGN_IDENTITY = "";
				DEFINES_MODULE = YES;
				DEVELOPMENT_TEAM = GH868RP95T;
				DYLIB_COMPATIBILITY_VERSION = 1;
				DYLIB_CURRENT_VERSION = 1;
				DYLIB_INSTALL_NAME_BASE = "@rpath";
				INFOPLIST_FILE = Bluejay/Info.plist;
				INSTALL_PATH = "$(LOCAL_LIBRARY_DIR)/Frameworks";
				IPHONEOS_DEPLOYMENT_TARGET = 11.0;
				LD_RUNPATH_SEARCH_PATHS = "$(inherited) @executable_path/Frameworks @loader_path/Frameworks";
				MARKETING_VERSION = 0.8.8;
				PRODUCT_BUNDLE_IDENTIFIER = com.steamclock.Bluejay;
				PRODUCT_NAME = "$(TARGET_NAME)";
				SKIP_INSTALL = YES;
				SUPPORTS_MACCATALYST = NO;
				SWIFT_VERSION = 5.0;
				TARGETED_DEVICE_FAMILY = 1;
			};
			name = Release;
		};
/* End XCBuildConfiguration section */

/* Begin XCConfigurationList section */
		B8383B6E21C3162A00F07306 /* Build configuration list for PBXNativeTarget "BluejayHeartSensorDemo" */ = {
			isa = XCConfigurationList;
			buildConfigurations = (
				B8383B6C21C3162A00F07306 /* Debug */,
				B8383B6D21C3162A00F07306 /* Release */,
			);
			defaultConfigurationIsVisible = 0;
			defaultConfigurationName = Release;
		};
		B87FDD6F21E567160010D6CF /* Build configuration list for PBXNativeTarget "DittojayHeartSensorDemo" */ = {
			isa = XCConfigurationList;
			buildConfigurations = (
				B87FDD6D21E567160010D6CF /* Debug */,
				B87FDD6E21E567160010D6CF /* Release */,
			);
			defaultConfigurationIsVisible = 0;
			defaultConfigurationName = Release;
		};
		B8C70F6F1E1C22850006CF58 /* Build configuration list for PBXProject "Bluejay" */ = {
			isa = XCConfigurationList;
			buildConfigurations = (
				B8C70F871E1C22850006CF58 /* Debug */,
				B8C70F881E1C22850006CF58 /* Release */,
			);
			defaultConfigurationIsVisible = 0;
			defaultConfigurationName = Release;
		};
		B8C70F891E1C22850006CF58 /* Build configuration list for PBXNativeTarget "Bluejay" */ = {
			isa = XCConfigurationList;
			buildConfigurations = (
				B8C70F8A1E1C22850006CF58 /* Debug */,
				B8C70F8B1E1C22850006CF58 /* Release */,
			);
			defaultConfigurationIsVisible = 0;
			defaultConfigurationName = Release;
		};
/* End XCConfigurationList section */
	};
	rootObject = B8C70F6C1E1C22850006CF58 /* Project object */;
}
