// !$*UTF8*$!
{
	archiveVersion = 1;
	classes = {
	};
	objectVersion = 46;
	objects = {

/* Begin PBXBuildFile section */
		7677FF3A64A35BBC9125A87E /* Pods_Bluejay.framework in Frameworks */ = {isa = PBXBuildFile; fileRef = 1460DB02323E612C0106BFE7 /* Pods_Bluejay.framework */; };
		A771DD904B7377A554946587 /* Pods_BluejayDemo.framework in Frameworks */ = {isa = PBXBuildFile; fileRef = 8D160102397E85DC10B5ACF7 /* Pods_BluejayDemo.framework */; };
		B8022D981E1EEED900EA360B /* WriteResult.swift in Sources */ = {isa = PBXBuildFile; fileRef = B8022D971E1EEED900EA360B /* WriteResult.swift */; };
		B8022D9A1E1F041D00EA360B /* SyncPeripheral.swift in Sources */ = {isa = PBXBuildFile; fileRef = B8022D991E1F041D00EA360B /* SyncPeripheral.swift */; };
		B8022D9C1E1F052F00EA360B /* ListenAction.swift in Sources */ = {isa = PBXBuildFile; fileRef = B8022D9B1E1F052F00EA360B /* ListenAction.swift */; };
		B80535741ECA239D002E5493 /* ScanHeartRateSensorsViewController.swift in Sources */ = {isa = PBXBuildFile; fileRef = B80535731ECA239D002E5493 /* ScanHeartRateSensorsViewController.swift */; };
		B83271A91E313CA300D68581 /* Queueable.swift in Sources */ = {isa = PBXBuildFile; fileRef = B83271A81E313CA300D68581 /* Queueable.swift */; };
		B842AAF81E4CF74300BB32EE /* String+Transferable.swift in Sources */ = {isa = PBXBuildFile; fileRef = B842AAF71E4CF74300BB32EE /* String+Transferable.swift */; };
		B850D0011E4A5015005F31C5 /* Main.storyboard in Resources */ = {isa = PBXBuildFile; fileRef = B850D0001E4A5015005F31C5 /* Main.storyboard */; };
		B869A2971E721D50003C1278 /* Data+Sendable.swift in Sources */ = {isa = PBXBuildFile; fileRef = B869A2961E721D50003C1278 /* Data+Sendable.swift */; };
		B88A0D9C1E1DAA1600A00FF8 /* Event.swift in Sources */ = {isa = PBXBuildFile; fileRef = B88A0D9B1E1DAA1600A00FF8 /* Event.swift */; };
		B88A0D9F1E1DCFBF00A00FF8 /* DiscoverService.swift in Sources */ = {isa = PBXBuildFile; fileRef = B88A0D9E1E1DCFBF00A00FF8 /* DiscoverService.swift */; };
		B88A0DA11E1DD15600A00FF8 /* DiscoverCharacteristic.swift in Sources */ = {isa = PBXBuildFile; fileRef = B88A0DA01E1DD15600A00FF8 /* DiscoverCharacteristic.swift */; };
		B88A0DA31E1DD18B00A00FF8 /* ReadCharacteristic.swift in Sources */ = {isa = PBXBuildFile; fileRef = B88A0DA21E1DD18B00A00FF8 /* ReadCharacteristic.swift */; };
		B88A0DA51E1DD1A200A00FF8 /* WriteCharacteristic.swift in Sources */ = {isa = PBXBuildFile; fileRef = B88A0DA41E1DD1A200A00FF8 /* WriteCharacteristic.swift */; };
		B88A0DA71E1DD1DE00A00FF8 /* ListenCharacteristic.swift in Sources */ = {isa = PBXBuildFile; fileRef = B88A0DA61E1DD1DE00A00FF8 /* ListenCharacteristic.swift */; };
		B88F50EE1EB3E73D00D11CD8 /* ListenCache.swift in Sources */ = {isa = PBXBuildFile; fileRef = B88F50ED1EB3E73D00D11CD8 /* ListenCache.swift */; };
		B88F50F01EB3E81E00D11CD8 /* Constant.swift in Sources */ = {isa = PBXBuildFile; fileRef = B88F50EF1EB3E81E00D11CD8 /* Constant.swift */; };
		B88F50F21EB3FA4100D11CD8 /* SelectDemoViewController.swift in Sources */ = {isa = PBXBuildFile; fileRef = B88F50F11EB3FA4100D11CD8 /* SelectDemoViewController.swift */; };
		B88F79951EB7DB420094D8D1 /* Operation.swift in Sources */ = {isa = PBXBuildFile; fileRef = B88F79941EB7DB420094D8D1 /* Operation.swift */; };
		B89AA4791E302114006BA376 /* Queue.swift in Sources */ = {isa = PBXBuildFile; fileRef = B89AA4781E302114006BA376 /* Queue.swift */; };
		B89AA4841E303634006BA376 /* Connection.swift in Sources */ = {isa = PBXBuildFile; fileRef = B89AA4831E303634006BA376 /* Connection.swift */; };
		B89AA4881E30373D006BA376 /* Scan.swift in Sources */ = {isa = PBXBuildFile; fileRef = B89AA4871E30373D006BA376 /* Scan.swift */; };
		B8A947491EB93B5800347FF5 /* DiscoveryResult.swift in Sources */ = {isa = PBXBuildFile; fileRef = B8A947481EB93B5800347FF5 /* DiscoveryResult.swift */; };
		B8B5708F1ED8AEAA00603C0B /* Data+Extractable.swift in Sources */ = {isa = PBXBuildFile; fileRef = B8B5708E1ED8AEAA00603C0B /* Data+Extractable.swift */; };
		B8BA76F51ECF70BE002DDDB0 /* ConnectUsingSerialNumberViewController.swift in Sources */ = {isa = PBXBuildFile; fileRef = B8BA76F41ECF70BE002DDDB0 /* ConnectUsingSerialNumberViewController.swift */; };
		B8C052031E28561700EA3D76 /* ListenRestorer.swift in Sources */ = {isa = PBXBuildFile; fileRef = B8C052021E28561700EA3D76 /* ListenRestorer.swift */; };
		B8C5E7131E64D6860094A708 /* ScanAction.swift in Sources */ = {isa = PBXBuildFile; fileRef = B8C5E7121E64D6860094A708 /* ScanAction.swift */; };
		B8C5E7151E64D93C0094A708 /* ScanDiscovery.swift in Sources */ = {isa = PBXBuildFile; fileRef = B8C5E7141E64D93C0094A708 /* ScanDiscovery.swift */; };
		B8C5E7191E64E1D50094A708 /* ScanEverythingViewController.swift in Sources */ = {isa = PBXBuildFile; fileRef = B8C5E7181E64E1D50094A708 /* ScanEverythingViewController.swift */; };
		B8C70F7F1E1C22850006CF58 /* Bluejay.framework in Frameworks */ = {isa = PBXBuildFile; fileRef = B8C70F751E1C22850006CF58 /* Bluejay.framework */; };
		B8C70F841E1C22850006CF58 /* BluejayTests.swift in Sources */ = {isa = PBXBuildFile; fileRef = B8C70F831E1C22850006CF58 /* BluejayTests.swift */; };
		B8C70F861E1C22850006CF58 /* Bluejay.h in Headers */ = {isa = PBXBuildFile; fileRef = B8C70F781E1C22850006CF58 /* Bluejay.h */; settings = {ATTRIBUTES = (Public, ); }; };
		B8C70F901E1C505C0006CF58 /* Bluejay.swift in Sources */ = {isa = PBXBuildFile; fileRef = B8C70F8F1E1C505C0006CF58 /* Bluejay.swift */; };
		B8C70F921E1C56330006CF58 /* CBPeripheral+FindService.swift in Sources */ = {isa = PBXBuildFile; fileRef = B8C70F911E1C56330006CF58 /* CBPeripheral+FindService.swift */; };
		B8C70F951E1C57250006CF58 /* CBService+FindCharacteristic.swift in Sources */ = {isa = PBXBuildFile; fileRef = B8C70F941E1C57250006CF58 /* CBService+FindCharacteristic.swift */; };
		B8C70F971E1C5A4F0006CF58 /* Error.swift in Sources */ = {isa = PBXBuildFile; fileRef = B8C70F961E1C5A4F0006CF58 /* Error.swift */; };
		B8C70F991E1C5A7F0006CF58 /* ServiceIdentifier.swift in Sources */ = {isa = PBXBuildFile; fileRef = B8C70F981E1C5A7F0006CF58 /* ServiceIdentifier.swift */; };
		B8C70F9B1E1C5A910006CF58 /* CharacteristicIdentifier.swift in Sources */ = {isa = PBXBuildFile; fileRef = B8C70F9A1E1C5A910006CF58 /* CharacteristicIdentifier.swift */; };
		B8C70FA01E1C61BD0006CF58 /* PeripheralIdentifier.swift in Sources */ = {isa = PBXBuildFile; fileRef = B8C70F9F1E1C61BD0006CF58 /* PeripheralIdentifier.swift */; };
		B8C70FA31E1C65000006CF58 /* ConnectionResult.swift in Sources */ = {isa = PBXBuildFile; fileRef = B8C70FA21E1C65000006CF58 /* ConnectionResult.swift */; };
		B8C70FA51E1C65A20006CF58 /* ReadResult.swift in Sources */ = {isa = PBXBuildFile; fileRef = B8C70FA41E1C65A20006CF58 /* ReadResult.swift */; };
		B8C70FA91E1C69B60006CF58 /* Receivable.swift in Sources */ = {isa = PBXBuildFile; fileRef = B8C70FA81E1C69B60006CF58 /* Receivable.swift */; };
		B8C70FAB1E1C69C50006CF58 /* Sendable.swift in Sources */ = {isa = PBXBuildFile; fileRef = B8C70FAA1E1C69C50006CF58 /* Sendable.swift */; };
		B8C70FAF1E1C6C780006CF58 /* Integer+Transferable.swift in Sources */ = {isa = PBXBuildFile; fileRef = B8C70FAE1E1C6C780006CF58 /* Integer+Transferable.swift */; };
		B8C70FB11E1C6F150006CF58 /* DataPadding.swift in Sources */ = {isa = PBXBuildFile; fileRef = B8C70FB01E1C6F150006CF58 /* DataPadding.swift */; };
		B8C70FB91E1C725C0006CF58 /* ConnectionObserver.swift in Sources */ = {isa = PBXBuildFile; fileRef = B8C70FB81E1C725C0006CF58 /* ConnectionObserver.swift */; };
		B8C70FBD1E1C7DB60006CF58 /* Peripheral.swift in Sources */ = {isa = PBXBuildFile; fileRef = B8C70FBC1E1C7DB60006CF58 /* Peripheral.swift */; };
		B8C70FC11E1C80150006CF58 /* QueueableState.swift in Sources */ = {isa = PBXBuildFile; fileRef = B8C70FC01E1C80150006CF58 /* QueueableState.swift */; };
		B8D2078C1E26D446007E670A /* CBPeripheralState+ReturnString.swift in Sources */ = {isa = PBXBuildFile; fileRef = B8D2078B1E26D446007E670A /* CBPeripheralState+ReturnString.swift */; };
		B8D2078E1E26D702007E670A /* CBManagerState+ReturnString.swift in Sources */ = {isa = PBXBuildFile; fileRef = B8D2078D1E26D702007E670A /* CBManagerState+ReturnString.swift */; };
		B8DEDE641E4A4B5800B2244D /* AppDelegate.swift in Sources */ = {isa = PBXBuildFile; fileRef = B8DEDE631E4A4B5800B2244D /* AppDelegate.swift */; };
		B8DEDE6B1E4A4B5800B2244D /* Assets.xcassets in Resources */ = {isa = PBXBuildFile; fileRef = B8DEDE6A1E4A4B5800B2244D /* Assets.xcassets */; };
		B8DEDE6E1E4A4B5800B2244D /* LaunchScreen.storyboard in Resources */ = {isa = PBXBuildFile; fileRef = B8DEDE6C1E4A4B5800B2244D /* LaunchScreen.storyboard */; };
		B8DEDE731E4A4B9100B2244D /* Bluejay.framework in Frameworks */ = {isa = PBXBuildFile; fileRef = B8C70F751E1C22850006CF58 /* Bluejay.framework */; };
		B8DEDE741E4A4B9100B2244D /* Bluejay.framework in Embed Frameworks */ = {isa = PBXBuildFile; fileRef = B8C70F751E1C22850006CF58 /* Bluejay.framework */; settings = {ATTRIBUTES = (CodeSignOnCopy, RemoveHeadersOnCopy, ); }; };
		B8F6DC561E2D6A9C004891D8 /* Notifications.swift in Sources */ = {isa = PBXBuildFile; fileRef = B8F6DC551E2D6A9C004891D8 /* Notifications.swift */; };
		B8F8C0ED1E4E7CA300A0D0F7 /* Disconnection.swift in Sources */ = {isa = PBXBuildFile; fileRef = B8F8C0EC1E4E7CA300A0D0F7 /* Disconnection.swift */; };
		B8FE9DF51E73597A00D361CE /* RSSIObserver.swift in Sources */ = {isa = PBXBuildFile; fileRef = B8FE9DF41E73597A00D361CE /* RSSIObserver.swift */; };
		C963376F716F30DEAA2F47E9 /* Pods_BluejayTests.framework in Frameworks */ = {isa = PBXBuildFile; fileRef = B30F88AC6C11B812FB55A055 /* Pods_BluejayTests.framework */; };
/* End PBXBuildFile section */

/* Begin PBXContainerItemProxy section */
		B8C70F801E1C22850006CF58 /* PBXContainerItemProxy */ = {
			isa = PBXContainerItemProxy;
			containerPortal = B8C70F6C1E1C22850006CF58 /* Project object */;
			proxyType = 1;
			remoteGlobalIDString = B8C70F741E1C22850006CF58;
			remoteInfo = Bluejay;
		};
		B8DEDE751E4A4B9100B2244D /* PBXContainerItemProxy */ = {
			isa = PBXContainerItemProxy;
			containerPortal = B8C70F6C1E1C22850006CF58 /* Project object */;
			proxyType = 1;
			remoteGlobalIDString = B8C70F741E1C22850006CF58;
			remoteInfo = Bluejay;
		};
/* End PBXContainerItemProxy section */

/* Begin PBXCopyFilesBuildPhase section */
		B8DEDE771E4A4B9100B2244D /* Embed Frameworks */ = {
			isa = PBXCopyFilesBuildPhase;
			buildActionMask = 2147483647;
			dstPath = "";
			dstSubfolderSpec = 10;
			files = (
				B8DEDE741E4A4B9100B2244D /* Bluejay.framework in Embed Frameworks */,
			);
			name = "Embed Frameworks";
			runOnlyForDeploymentPostprocessing = 0;
		};
/* End PBXCopyFilesBuildPhase section */

/* Begin PBXFileReference section */
		1460DB02323E612C0106BFE7 /* Pods_Bluejay.framework */ = {isa = PBXFileReference; explicitFileType = wrapper.framework; includeInIndex = 0; path = Pods_Bluejay.framework; sourceTree = BUILT_PRODUCTS_DIR; };
		4A0C82111DFB9F1235FECE79 /* Pods-BluejayDemo.debug.xcconfig */ = {isa = PBXFileReference; includeInIndex = 1; lastKnownFileType = text.xcconfig; name = "Pods-BluejayDemo.debug.xcconfig"; path = "Pods/Target Support Files/Pods-BluejayDemo/Pods-BluejayDemo.debug.xcconfig"; sourceTree = "<group>"; };
		6C7DA1388158BDFE6227706A /* Pods-BluejayDemo.release.xcconfig */ = {isa = PBXFileReference; includeInIndex = 1; lastKnownFileType = text.xcconfig; name = "Pods-BluejayDemo.release.xcconfig"; path = "Pods/Target Support Files/Pods-BluejayDemo/Pods-BluejayDemo.release.xcconfig"; sourceTree = "<group>"; };
		8D160102397E85DC10B5ACF7 /* Pods_BluejayDemo.framework */ = {isa = PBXFileReference; explicitFileType = wrapper.framework; includeInIndex = 0; path = Pods_BluejayDemo.framework; sourceTree = BUILT_PRODUCTS_DIR; };
		916C6338CC4E6D8DBA1A561C /* Pods-Bluejay.debug.xcconfig */ = {isa = PBXFileReference; includeInIndex = 1; lastKnownFileType = text.xcconfig; name = "Pods-Bluejay.debug.xcconfig"; path = "Pods/Target Support Files/Pods-Bluejay/Pods-Bluejay.debug.xcconfig"; sourceTree = "<group>"; };
		B30F88AC6C11B812FB55A055 /* Pods_BluejayTests.framework */ = {isa = PBXFileReference; explicitFileType = wrapper.framework; includeInIndex = 0; path = Pods_BluejayTests.framework; sourceTree = BUILT_PRODUCTS_DIR; };
		B8022D971E1EEED900EA360B /* WriteResult.swift */ = {isa = PBXFileReference; fileEncoding = 4; lastKnownFileType = sourcecode.swift; path = WriteResult.swift; sourceTree = "<group>"; };
		B8022D991E1F041D00EA360B /* SyncPeripheral.swift */ = {isa = PBXFileReference; fileEncoding = 4; lastKnownFileType = sourcecode.swift; path = SyncPeripheral.swift; sourceTree = "<group>"; };
		B8022D9B1E1F052F00EA360B /* ListenAction.swift */ = {isa = PBXFileReference; fileEncoding = 4; lastKnownFileType = sourcecode.swift; path = ListenAction.swift; sourceTree = "<group>"; };
		B80535731ECA239D002E5493 /* ScanHeartRateSensorsViewController.swift */ = {isa = PBXFileReference; fileEncoding = 4; lastKnownFileType = sourcecode.swift; path = ScanHeartRateSensorsViewController.swift; sourceTree = "<group>"; };
		B83271A81E313CA300D68581 /* Queueable.swift */ = {isa = PBXFileReference; fileEncoding = 4; lastKnownFileType = sourcecode.swift; path = Queueable.swift; sourceTree = "<group>"; };
		B842AAF71E4CF74300BB32EE /* String+Transferable.swift */ = {isa = PBXFileReference; fileEncoding = 4; lastKnownFileType = sourcecode.swift; path = "String+Transferable.swift"; sourceTree = "<group>"; };
		B850D0001E4A5015005F31C5 /* Main.storyboard */ = {isa = PBXFileReference; fileEncoding = 4; lastKnownFileType = file.storyboard; path = Main.storyboard; sourceTree = "<group>"; };
		B869A2961E721D50003C1278 /* Data+Sendable.swift */ = {isa = PBXFileReference; fileEncoding = 4; lastKnownFileType = sourcecode.swift; path = "Data+Sendable.swift"; sourceTree = "<group>"; };
		B88A0D9B1E1DAA1600A00FF8 /* Event.swift */ = {isa = PBXFileReference; fileEncoding = 4; lastKnownFileType = sourcecode.swift; path = Event.swift; sourceTree = "<group>"; };
		B88A0D9E1E1DCFBF00A00FF8 /* DiscoverService.swift */ = {isa = PBXFileReference; fileEncoding = 4; lastKnownFileType = sourcecode.swift; path = DiscoverService.swift; sourceTree = "<group>"; };
		B88A0DA01E1DD15600A00FF8 /* DiscoverCharacteristic.swift */ = {isa = PBXFileReference; fileEncoding = 4; lastKnownFileType = sourcecode.swift; path = DiscoverCharacteristic.swift; sourceTree = "<group>"; };
		B88A0DA21E1DD18B00A00FF8 /* ReadCharacteristic.swift */ = {isa = PBXFileReference; fileEncoding = 4; lastKnownFileType = sourcecode.swift; path = ReadCharacteristic.swift; sourceTree = "<group>"; };
		B88A0DA41E1DD1A200A00FF8 /* WriteCharacteristic.swift */ = {isa = PBXFileReference; fileEncoding = 4; lastKnownFileType = sourcecode.swift; path = WriteCharacteristic.swift; sourceTree = "<group>"; };
		B88A0DA61E1DD1DE00A00FF8 /* ListenCharacteristic.swift */ = {isa = PBXFileReference; fileEncoding = 4; lastKnownFileType = sourcecode.swift; path = ListenCharacteristic.swift; sourceTree = "<group>"; };
		B88F50ED1EB3E73D00D11CD8 /* ListenCache.swift */ = {isa = PBXFileReference; fileEncoding = 4; lastKnownFileType = sourcecode.swift; path = ListenCache.swift; sourceTree = "<group>"; };
		B88F50EF1EB3E81E00D11CD8 /* Constant.swift */ = {isa = PBXFileReference; fileEncoding = 4; lastKnownFileType = sourcecode.swift; path = Constant.swift; sourceTree = "<group>"; };
		B88F50F11EB3FA4100D11CD8 /* SelectDemoViewController.swift */ = {isa = PBXFileReference; fileEncoding = 4; lastKnownFileType = sourcecode.swift; path = SelectDemoViewController.swift; sourceTree = "<group>"; };
		B88F79941EB7DB420094D8D1 /* Operation.swift */ = {isa = PBXFileReference; fileEncoding = 4; lastKnownFileType = sourcecode.swift; path = Operation.swift; sourceTree = "<group>"; };
		B89AA4781E302114006BA376 /* Queue.swift */ = {isa = PBXFileReference; fileEncoding = 4; lastKnownFileType = sourcecode.swift; path = Queue.swift; sourceTree = "<group>"; };
		B89AA4831E303634006BA376 /* Connection.swift */ = {isa = PBXFileReference; fileEncoding = 4; lastKnownFileType = sourcecode.swift; path = Connection.swift; sourceTree = "<group>"; };
		B89AA4871E30373D006BA376 /* Scan.swift */ = {isa = PBXFileReference; fileEncoding = 4; lastKnownFileType = sourcecode.swift; path = Scan.swift; sourceTree = "<group>"; };
		B8A947481EB93B5800347FF5 /* DiscoveryResult.swift */ = {isa = PBXFileReference; fileEncoding = 4; lastKnownFileType = sourcecode.swift; path = DiscoveryResult.swift; sourceTree = "<group>"; };
		B8B5708E1ED8AEAA00603C0B /* Data+Extractable.swift */ = {isa = PBXFileReference; fileEncoding = 4; lastKnownFileType = sourcecode.swift; path = "Data+Extractable.swift"; sourceTree = "<group>"; };
		B8BA76F41ECF70BE002DDDB0 /* ConnectUsingSerialNumberViewController.swift */ = {isa = PBXFileReference; fileEncoding = 4; lastKnownFileType = sourcecode.swift; path = ConnectUsingSerialNumberViewController.swift; sourceTree = "<group>"; };
		B8C052021E28561700EA3D76 /* ListenRestorer.swift */ = {isa = PBXFileReference; fileEncoding = 4; lastKnownFileType = sourcecode.swift; path = ListenRestorer.swift; sourceTree = "<group>"; };
		B8C5E7121E64D6860094A708 /* ScanAction.swift */ = {isa = PBXFileReference; fileEncoding = 4; lastKnownFileType = sourcecode.swift; path = ScanAction.swift; sourceTree = "<group>"; };
		B8C5E7141E64D93C0094A708 /* ScanDiscovery.swift */ = {isa = PBXFileReference; fileEncoding = 4; lastKnownFileType = sourcecode.swift; path = ScanDiscovery.swift; sourceTree = "<group>"; };
		B8C5E7181E64E1D50094A708 /* ScanEverythingViewController.swift */ = {isa = PBXFileReference; fileEncoding = 4; lastKnownFileType = sourcecode.swift; path = ScanEverythingViewController.swift; sourceTree = "<group>"; };
		B8C70F751E1C22850006CF58 /* Bluejay.framework */ = {isa = PBXFileReference; explicitFileType = wrapper.framework; includeInIndex = 0; path = Bluejay.framework; sourceTree = BUILT_PRODUCTS_DIR; };
		B8C70F781E1C22850006CF58 /* Bluejay.h */ = {isa = PBXFileReference; lastKnownFileType = sourcecode.c.h; path = Bluejay.h; sourceTree = "<group>"; };
		B8C70F791E1C22850006CF58 /* Info.plist */ = {isa = PBXFileReference; lastKnownFileType = text.plist.xml; path = Info.plist; sourceTree = "<group>"; };
		B8C70F7E1E1C22850006CF58 /* BluejayTests.xctest */ = {isa = PBXFileReference; explicitFileType = wrapper.cfbundle; includeInIndex = 0; path = BluejayTests.xctest; sourceTree = BUILT_PRODUCTS_DIR; };
		B8C70F831E1C22850006CF58 /* BluejayTests.swift */ = {isa = PBXFileReference; lastKnownFileType = sourcecode.swift; path = BluejayTests.swift; sourceTree = "<group>"; };
		B8C70F851E1C22850006CF58 /* Info.plist */ = {isa = PBXFileReference; lastKnownFileType = text.plist.xml; path = Info.plist; sourceTree = "<group>"; };
		B8C70F8F1E1C505C0006CF58 /* Bluejay.swift */ = {isa = PBXFileReference; fileEncoding = 4; lastKnownFileType = sourcecode.swift; path = Bluejay.swift; sourceTree = "<group>"; };
		B8C70F911E1C56330006CF58 /* CBPeripheral+FindService.swift */ = {isa = PBXFileReference; fileEncoding = 4; lastKnownFileType = sourcecode.swift; path = "CBPeripheral+FindService.swift"; sourceTree = "<group>"; };
		B8C70F941E1C57250006CF58 /* CBService+FindCharacteristic.swift */ = {isa = PBXFileReference; fileEncoding = 4; lastKnownFileType = sourcecode.swift; path = "CBService+FindCharacteristic.swift"; sourceTree = "<group>"; };
		B8C70F961E1C5A4F0006CF58 /* Error.swift */ = {isa = PBXFileReference; fileEncoding = 4; lastKnownFileType = sourcecode.swift; path = Error.swift; sourceTree = "<group>"; };
		B8C70F981E1C5A7F0006CF58 /* ServiceIdentifier.swift */ = {isa = PBXFileReference; fileEncoding = 4; lastKnownFileType = sourcecode.swift; path = ServiceIdentifier.swift; sourceTree = "<group>"; };
		B8C70F9A1E1C5A910006CF58 /* CharacteristicIdentifier.swift */ = {isa = PBXFileReference; fileEncoding = 4; lastKnownFileType = sourcecode.swift; path = CharacteristicIdentifier.swift; sourceTree = "<group>"; };
		B8C70F9D1E1C5AD80006CF58 /* CoreBluetooth.framework */ = {isa = PBXFileReference; lastKnownFileType = wrapper.framework; name = CoreBluetooth.framework; path = System/Library/Frameworks/CoreBluetooth.framework; sourceTree = SDKROOT; };
		B8C70F9F1E1C61BD0006CF58 /* PeripheralIdentifier.swift */ = {isa = PBXFileReference; fileEncoding = 4; lastKnownFileType = sourcecode.swift; path = PeripheralIdentifier.swift; sourceTree = "<group>"; };
		B8C70FA21E1C65000006CF58 /* ConnectionResult.swift */ = {isa = PBXFileReference; fileEncoding = 4; lastKnownFileType = sourcecode.swift; path = ConnectionResult.swift; sourceTree = "<group>"; };
		B8C70FA41E1C65A20006CF58 /* ReadResult.swift */ = {isa = PBXFileReference; fileEncoding = 4; lastKnownFileType = sourcecode.swift; path = ReadResult.swift; sourceTree = "<group>"; };
		B8C70FA81E1C69B60006CF58 /* Receivable.swift */ = {isa = PBXFileReference; fileEncoding = 4; lastKnownFileType = sourcecode.swift; path = Receivable.swift; sourceTree = "<group>"; };
		B8C70FAA1E1C69C50006CF58 /* Sendable.swift */ = {isa = PBXFileReference; fileEncoding = 4; lastKnownFileType = sourcecode.swift; path = Sendable.swift; sourceTree = "<group>"; };
		B8C70FAE1E1C6C780006CF58 /* Integer+Transferable.swift */ = {isa = PBXFileReference; fileEncoding = 4; lastKnownFileType = sourcecode.swift; path = "Integer+Transferable.swift"; sourceTree = "<group>"; };
		B8C70FB01E1C6F150006CF58 /* DataPadding.swift */ = {isa = PBXFileReference; fileEncoding = 4; lastKnownFileType = sourcecode.swift; path = DataPadding.swift; sourceTree = "<group>"; };
		B8C70FB81E1C725C0006CF58 /* ConnectionObserver.swift */ = {isa = PBXFileReference; fileEncoding = 4; lastKnownFileType = sourcecode.swift; path = ConnectionObserver.swift; sourceTree = "<group>"; };
		B8C70FBC1E1C7DB60006CF58 /* Peripheral.swift */ = {isa = PBXFileReference; fileEncoding = 4; lastKnownFileType = sourcecode.swift; path = Peripheral.swift; sourceTree = "<group>"; };
		B8C70FC01E1C80150006CF58 /* QueueableState.swift */ = {isa = PBXFileReference; fileEncoding = 4; lastKnownFileType = sourcecode.swift; path = QueueableState.swift; sourceTree = "<group>"; };
		B8D2078B1E26D446007E670A /* CBPeripheralState+ReturnString.swift */ = {isa = PBXFileReference; fileEncoding = 4; lastKnownFileType = sourcecode.swift; path = "CBPeripheralState+ReturnString.swift"; sourceTree = "<group>"; };
		B8D2078D1E26D702007E670A /* CBManagerState+ReturnString.swift */ = {isa = PBXFileReference; fileEncoding = 4; lastKnownFileType = sourcecode.swift; path = "CBManagerState+ReturnString.swift"; sourceTree = "<group>"; };
		B8DEDE611E4A4B5800B2244D /* BluejayDemo.app */ = {isa = PBXFileReference; explicitFileType = wrapper.application; includeInIndex = 0; path = BluejayDemo.app; sourceTree = BUILT_PRODUCTS_DIR; };
		B8DEDE631E4A4B5800B2244D /* AppDelegate.swift */ = {isa = PBXFileReference; lastKnownFileType = sourcecode.swift; path = AppDelegate.swift; sourceTree = "<group>"; };
		B8DEDE6A1E4A4B5800B2244D /* Assets.xcassets */ = {isa = PBXFileReference; lastKnownFileType = folder.assetcatalog; path = Assets.xcassets; sourceTree = "<group>"; };
		B8DEDE6D1E4A4B5800B2244D /* Base */ = {isa = PBXFileReference; lastKnownFileType = file.storyboard; name = Base; path = Base.lproj/LaunchScreen.storyboard; sourceTree = "<group>"; };
		B8DEDE6F1E4A4B5800B2244D /* Info.plist */ = {isa = PBXFileReference; lastKnownFileType = text.plist.xml; path = Info.plist; sourceTree = "<group>"; };
		B8F6DC551E2D6A9C004891D8 /* Notifications.swift */ = {isa = PBXFileReference; fileEncoding = 4; lastKnownFileType = sourcecode.swift; path = Notifications.swift; sourceTree = "<group>"; };
		B8F8C0EC1E4E7CA300A0D0F7 /* Disconnection.swift */ = {isa = PBXFileReference; fileEncoding = 4; lastKnownFileType = sourcecode.swift; path = Disconnection.swift; sourceTree = "<group>"; };
		B8FE9DF41E73597A00D361CE /* RSSIObserver.swift */ = {isa = PBXFileReference; fileEncoding = 4; lastKnownFileType = sourcecode.swift; path = RSSIObserver.swift; sourceTree = "<group>"; };
		CA9D0DDBCE2F5733134B0ED6 /* Pods-BluejayTests.debug.xcconfig */ = {isa = PBXFileReference; includeInIndex = 1; lastKnownFileType = text.xcconfig; name = "Pods-BluejayTests.debug.xcconfig"; path = "Pods/Target Support Files/Pods-BluejayTests/Pods-BluejayTests.debug.xcconfig"; sourceTree = "<group>"; };
		D3A376B191A26044FDEBF5C5 /* Pods-Bluejay.release.xcconfig */ = {isa = PBXFileReference; includeInIndex = 1; lastKnownFileType = text.xcconfig; name = "Pods-Bluejay.release.xcconfig"; path = "Pods/Target Support Files/Pods-Bluejay/Pods-Bluejay.release.xcconfig"; sourceTree = "<group>"; };
		F9DA2BB8096DC083CD6AF996 /* Pods-BluejayTests.release.xcconfig */ = {isa = PBXFileReference; includeInIndex = 1; lastKnownFileType = text.xcconfig; name = "Pods-BluejayTests.release.xcconfig"; path = "Pods/Target Support Files/Pods-BluejayTests/Pods-BluejayTests.release.xcconfig"; sourceTree = "<group>"; };
/* End PBXFileReference section */

/* Begin PBXFrameworksBuildPhase section */
		B8C70F711E1C22850006CF58 /* Frameworks */ = {
			isa = PBXFrameworksBuildPhase;
			buildActionMask = 2147483647;
			files = (
				7677FF3A64A35BBC9125A87E /* Pods_Bluejay.framework in Frameworks */,
			);
			runOnlyForDeploymentPostprocessing = 0;
		};
		B8C70F7B1E1C22850006CF58 /* Frameworks */ = {
			isa = PBXFrameworksBuildPhase;
			buildActionMask = 2147483647;
			files = (
				B8C70F7F1E1C22850006CF58 /* Bluejay.framework in Frameworks */,
				C963376F716F30DEAA2F47E9 /* Pods_BluejayTests.framework in Frameworks */,
			);
			runOnlyForDeploymentPostprocessing = 0;
		};
		B8DEDE5E1E4A4B5800B2244D /* Frameworks */ = {
			isa = PBXFrameworksBuildPhase;
			buildActionMask = 2147483647;
			files = (
				B8DEDE731E4A4B9100B2244D /* Bluejay.framework in Frameworks */,
				A771DD904B7377A554946587 /* Pods_BluejayDemo.framework in Frameworks */,
			);
			runOnlyForDeploymentPostprocessing = 0;
		};
/* End PBXFrameworksBuildPhase section */

/* Begin PBXGroup section */
		715085F1986E94D0C3C78D72 /* Pods */ = {
			isa = PBXGroup;
			children = (
				916C6338CC4E6D8DBA1A561C /* Pods-Bluejay.debug.xcconfig */,
				D3A376B191A26044FDEBF5C5 /* Pods-Bluejay.release.xcconfig */,
				CA9D0DDBCE2F5733134B0ED6 /* Pods-BluejayTests.debug.xcconfig */,
				F9DA2BB8096DC083CD6AF996 /* Pods-BluejayTests.release.xcconfig */,
				4A0C82111DFB9F1235FECE79 /* Pods-BluejayDemo.debug.xcconfig */,
				6C7DA1388158BDFE6227706A /* Pods-BluejayDemo.release.xcconfig */,
			);
			name = Pods;
			sourceTree = "<group>";
		};
		B88A0D9D1E1DCFA300A00FF8 /* Operations */ = {
			isa = PBXGroup;
			children = (
				B88F79911EB7D7590094D8D1 /* Queue */,
				B8C5E7111E64D6590094A708 /* Scanning */,
				B88F79901EB7D38C0094D8D1 /* Connectivity */,
				B89AA4861E3036E7006BA376 /* Interaction */,
			);
			name = Operations;
			sourceTree = "<group>";
		};
		B88F79901EB7D38C0094D8D1 /* Connectivity */ = {
			isa = PBXGroup;
			children = (
				B89AA4831E303634006BA376 /* Connection.swift */,
				B8F8C0EC1E4E7CA300A0D0F7 /* Disconnection.swift */,
				B8C70FA21E1C65000006CF58 /* ConnectionResult.swift */,
			);
			name = Connectivity;
			sourceTree = "<group>";
		};
		B88F79911EB7D7590094D8D1 /* Queue */ = {
			isa = PBXGroup;
			children = (
				B89AA4781E302114006BA376 /* Queue.swift */,
				B83271A81E313CA300D68581 /* Queueable.swift */,
				B8C70FC01E1C80150006CF58 /* QueueableState.swift */,
				B88A0D9B1E1DAA1600A00FF8 /* Event.swift */,
			);
			name = Queue;
			sourceTree = "<group>";
		};
		B89AA4861E3036E7006BA376 /* Interaction */ = {
			isa = PBXGroup;
			children = (
				B88F79941EB7DB420094D8D1 /* Operation.swift */,
				B88A0D9E1E1DCFBF00A00FF8 /* DiscoverService.swift */,
				B88A0DA01E1DD15600A00FF8 /* DiscoverCharacteristic.swift */,
				B8A947481EB93B5800347FF5 /* DiscoveryResult.swift */,
				B88A0DA21E1DD18B00A00FF8 /* ReadCharacteristic.swift */,
				B8C70FA41E1C65A20006CF58 /* ReadResult.swift */,
				B88A0DA41E1DD1A200A00FF8 /* WriteCharacteristic.swift */,
				B8022D971E1EEED900EA360B /* WriteResult.swift */,
				B88A0DA61E1DD1DE00A00FF8 /* ListenCharacteristic.swift */,
				B8022D9B1E1F052F00EA360B /* ListenAction.swift */,
			);
			name = Interaction;
			sourceTree = "<group>";
		};
		B8C5E7111E64D6590094A708 /* Scanning */ = {
			isa = PBXGroup;
			children = (
				B89AA4871E30373D006BA376 /* Scan.swift */,
				B8C5E7121E64D6860094A708 /* ScanAction.swift */,
				B8C5E7141E64D93C0094A708 /* ScanDiscovery.swift */,
			);
			name = Scanning;
			sourceTree = "<group>";
		};
		B8C70F6B1E1C22850006CF58 = {
			isa = PBXGroup;
			children = (
				B8C70F771E1C22850006CF58 /* Bluejay */,
				B8C70F821E1C22850006CF58 /* BluejayTests */,
				B8DEDE621E4A4B5800B2244D /* BluejayDemo */,
				B8C70F761E1C22850006CF58 /* Products */,
				B8C70F9C1E1C5AD80006CF58 /* Frameworks */,
				715085F1986E94D0C3C78D72 /* Pods */,
			);
			sourceTree = "<group>";
		};
		B8C70F761E1C22850006CF58 /* Products */ = {
			isa = PBXGroup;
			children = (
				B8C70F751E1C22850006CF58 /* Bluejay.framework */,
				B8C70F7E1E1C22850006CF58 /* BluejayTests.xctest */,
				B8DEDE611E4A4B5800B2244D /* BluejayDemo.app */,
			);
			name = Products;
			sourceTree = "<group>";
		};
		B8C70F771E1C22850006CF58 /* Bluejay */ = {
			isa = PBXGroup;
			children = (
				B8C70F781E1C22850006CF58 /* Bluejay.h */,
				B8C70F8F1E1C505C0006CF58 /* Bluejay.swift */,
				B8C70FBC1E1C7DB60006CF58 /* Peripheral.swift */,
				B8022D991E1F041D00EA360B /* SyncPeripheral.swift */,
				B8C70F961E1C5A4F0006CF58 /* Error.swift */,
				B88F50EF1EB3E81E00D11CD8 /* Constant.swift */,
				B88A0D9D1E1DCFA300A00FF8 /* Operations */,
				B8D2AADF1EC0F39E00F4F27C /* Listen Restoration */,
				B8C70FA71E1C696A0006CF58 /* Protocols */,
				B8C70FA61E1C68AD0006CF58 /* Structs */,
				B8C70F931E1C56D80006CF58 /* Extensions */,
				B8F6DC541E2D6A8B004891D8 /* Notifications */,
				B8C70F791E1C22850006CF58 /* Info.plist */,
			);
			path = Bluejay;
			sourceTree = "<group>";
		};
		B8C70F821E1C22850006CF58 /* BluejayTests */ = {
			isa = PBXGroup;
			children = (
				B8C70F831E1C22850006CF58 /* BluejayTests.swift */,
				B8C70F851E1C22850006CF58 /* Info.plist */,
			);
			path = BluejayTests;
			sourceTree = "<group>";
		};
		B8C70F931E1C56D80006CF58 /* Extensions */ = {
			isa = PBXGroup;
			children = (
				B8C70F911E1C56330006CF58 /* CBPeripheral+FindService.swift */,
				B8D2078B1E26D446007E670A /* CBPeripheralState+ReturnString.swift */,
				B8D2078D1E26D702007E670A /* CBManagerState+ReturnString.swift */,
				B8C70F941E1C57250006CF58 /* CBService+FindCharacteristic.swift */,
				B8C70FAE1E1C6C780006CF58 /* Integer+Transferable.swift */,
				B842AAF71E4CF74300BB32EE /* String+Transferable.swift */,
				B869A2961E721D50003C1278 /* Data+Sendable.swift */,
				B8B5708E1ED8AEAA00603C0B /* Data+Extractable.swift */,
			);
			name = Extensions;
			sourceTree = "<group>";
		};
		B8C70F9C1E1C5AD80006CF58 /* Frameworks */ = {
			isa = PBXGroup;
			children = (
				B8C70F9D1E1C5AD80006CF58 /* CoreBluetooth.framework */,
				1460DB02323E612C0106BFE7 /* Pods_Bluejay.framework */,
				B30F88AC6C11B812FB55A055 /* Pods_BluejayTests.framework */,
				8D160102397E85DC10B5ACF7 /* Pods_BluejayDemo.framework */,
			);
			name = Frameworks;
			sourceTree = "<group>";
		};
		B8C70FA61E1C68AD0006CF58 /* Structs */ = {
			isa = PBXGroup;
			children = (
				B8C70F981E1C5A7F0006CF58 /* ServiceIdentifier.swift */,
				B8C70F9A1E1C5A910006CF58 /* CharacteristicIdentifier.swift */,
				B8C70F9F1E1C61BD0006CF58 /* PeripheralIdentifier.swift */,
				B8C70FB01E1C6F150006CF58 /* DataPadding.swift */,
			);
			name = Structs;
			sourceTree = "<group>";
		};
		B8C70FA71E1C696A0006CF58 /* Protocols */ = {
			isa = PBXGroup;
			children = (
				B8C70FA81E1C69B60006CF58 /* Receivable.swift */,
				B8C70FAA1E1C69C50006CF58 /* Sendable.swift */,
				B8C70FB81E1C725C0006CF58 /* ConnectionObserver.swift */,
				B8FE9DF41E73597A00D361CE /* RSSIObserver.swift */,
			);
			name = Protocols;
			sourceTree = "<group>";
		};
		B8D2AADF1EC0F39E00F4F27C /* Listen Restoration */ = {
			isa = PBXGroup;
			children = (
				B88F50ED1EB3E73D00D11CD8 /* ListenCache.swift */,
				B8C052021E28561700EA3D76 /* ListenRestorer.swift */,
			);
			name = "Listen Restoration";
			sourceTree = "<group>";
		};
		B8DEDE621E4A4B5800B2244D /* BluejayDemo */ = {
			isa = PBXGroup;
			children = (
				B8DEDE631E4A4B5800B2244D /* AppDelegate.swift */,
				B88F50F11EB3FA4100D11CD8 /* SelectDemoViewController.swift */,
				B8C5E7181E64E1D50094A708 /* ScanEverythingViewController.swift */,
				B80535731ECA239D002E5493 /* ScanHeartRateSensorsViewController.swift */,
				B8BA76F41ECF70BE002DDDB0 /* ConnectUsingSerialNumberViewController.swift */,
				B850D0001E4A5015005F31C5 /* Main.storyboard */,
				B8DEDE6A1E4A4B5800B2244D /* Assets.xcassets */,
				B8DEDE6C1E4A4B5800B2244D /* LaunchScreen.storyboard */,
				B8DEDE6F1E4A4B5800B2244D /* Info.plist */,
			);
			path = BluejayDemo;
			sourceTree = "<group>";
		};
		B8F6DC541E2D6A8B004891D8 /* Notifications */ = {
			isa = PBXGroup;
			children = (
				B8F6DC551E2D6A9C004891D8 /* Notifications.swift */,
			);
			name = Notifications;
			sourceTree = "<group>";
		};
/* End PBXGroup section */

/* Begin PBXHeadersBuildPhase section */
		B8C70F721E1C22850006CF58 /* Headers */ = {
			isa = PBXHeadersBuildPhase;
			buildActionMask = 2147483647;
			files = (
				B8C70F861E1C22850006CF58 /* Bluejay.h in Headers */,
			);
			runOnlyForDeploymentPostprocessing = 0;
		};
/* End PBXHeadersBuildPhase section */

/* Begin PBXNativeTarget section */
		B8C70F741E1C22850006CF58 /* Bluejay */ = {
			isa = PBXNativeTarget;
			buildConfigurationList = B8C70F891E1C22850006CF58 /* Build configuration list for PBXNativeTarget "Bluejay" */;
			buildPhases = (
				E74B2676FBABC2E126DD9A0D /* [CP] Check Pods Manifest.lock */,
				B8C70F701E1C22850006CF58 /* Sources */,
				B8C70F711E1C22850006CF58 /* Frameworks */,
				B8C70F721E1C22850006CF58 /* Headers */,
				B8C70F731E1C22850006CF58 /* Resources */,
				CDFF44BD852B1975CA311D63 /* [CP] Copy Pods Resources */,
			);
			buildRules = (
			);
			dependencies = (
			);
			name = Bluejay;
			productName = Bluejay;
			productReference = B8C70F751E1C22850006CF58 /* Bluejay.framework */;
			productType = "com.apple.product-type.framework";
		};
		B8C70F7D1E1C22850006CF58 /* BluejayTests */ = {
			isa = PBXNativeTarget;
			buildConfigurationList = B8C70F8C1E1C22850006CF58 /* Build configuration list for PBXNativeTarget "BluejayTests" */;
			buildPhases = (
				C9BBFD3F5B175E9E175724F8 /* [CP] Check Pods Manifest.lock */,
				B8C70F7A1E1C22850006CF58 /* Sources */,
				B8C70F7B1E1C22850006CF58 /* Frameworks */,
				B8C70F7C1E1C22850006CF58 /* Resources */,
				68EE5F595715FB2CB4B93A0E /* [CP] Embed Pods Frameworks */,
				F67765D899A4F934B4D62281 /* [CP] Copy Pods Resources */,
			);
			buildRules = (
			);
			dependencies = (
				B8C70F811E1C22850006CF58 /* PBXTargetDependency */,
			);
			name = BluejayTests;
			productName = BluejayTests;
			productReference = B8C70F7E1E1C22850006CF58 /* BluejayTests.xctest */;
			productType = "com.apple.product-type.bundle.unit-test";
		};
		B8DEDE601E4A4B5800B2244D /* BluejayDemo */ = {
			isa = PBXNativeTarget;
			buildConfigurationList = B8DEDE721E4A4B5800B2244D /* Build configuration list for PBXNativeTarget "BluejayDemo" */;
			buildPhases = (
				E972F2D5AFB8679ED5DEF0A8 /* [CP] Check Pods Manifest.lock */,
				B8DEDE5D1E4A4B5800B2244D /* Sources */,
				B8DEDE5E1E4A4B5800B2244D /* Frameworks */,
				B8DEDE5F1E4A4B5800B2244D /* Resources */,
				B8DEDE771E4A4B9100B2244D /* Embed Frameworks */,
				13312CE0B0F1BA7FBDC90EEC /* [CP] Embed Pods Frameworks */,
				B72309C9F68C014FD0326E28 /* [CP] Copy Pods Resources */,
			);
			buildRules = (
			);
			dependencies = (
				B8DEDE761E4A4B9100B2244D /* PBXTargetDependency */,
			);
			name = BluejayDemo;
			productName = BluejayDemo;
			productReference = B8DEDE611E4A4B5800B2244D /* BluejayDemo.app */;
			productType = "com.apple.product-type.application";
		};
/* End PBXNativeTarget section */

/* Begin PBXProject section */
		B8C70F6C1E1C22850006CF58 /* Project object */ = {
			isa = PBXProject;
			attributes = {
				LastSwiftUpdateCheck = 0820;
				LastUpgradeCheck = 0820;
				ORGANIZATIONNAME = "Steamclock Software";
				TargetAttributes = {
					B8C70F741E1C22850006CF58 = {
						CreatedOnToolsVersion = 8.2.1;
						DevelopmentTeam = GH868RP95T;
						LastSwiftMigration = 0820;
						ProvisioningStyle = Automatic;
					};
					B8C70F7D1E1C22850006CF58 = {
						CreatedOnToolsVersion = 8.2.1;
						ProvisioningStyle = Automatic;
					};
					B8DEDE601E4A4B5800B2244D = {
						CreatedOnToolsVersion = 8.2.1;
						DevelopmentTeam = GH868RP95T;
						ProvisioningStyle = Automatic;
						SystemCapabilities = {
							com.apple.BackgroundModes = {
								enabled = 1;
							};
						};
					};
				};
			};
			buildConfigurationList = B8C70F6F1E1C22850006CF58 /* Build configuration list for PBXProject "Bluejay" */;
			compatibilityVersion = "Xcode 3.2";
			developmentRegion = English;
			hasScannedForEncodings = 0;
			knownRegions = (
				en,
				Base,
			);
			mainGroup = B8C70F6B1E1C22850006CF58;
			productRefGroup = B8C70F761E1C22850006CF58 /* Products */;
			projectDirPath = "";
			projectRoot = "";
			targets = (
				B8C70F741E1C22850006CF58 /* Bluejay */,
				B8C70F7D1E1C22850006CF58 /* BluejayTests */,
				B8DEDE601E4A4B5800B2244D /* BluejayDemo */,
			);
		};
/* End PBXProject section */

/* Begin PBXResourcesBuildPhase section */
		B8C70F731E1C22850006CF58 /* Resources */ = {
			isa = PBXResourcesBuildPhase;
			buildActionMask = 2147483647;
			files = (
			);
			runOnlyForDeploymentPostprocessing = 0;
		};
		B8C70F7C1E1C22850006CF58 /* Resources */ = {
			isa = PBXResourcesBuildPhase;
			buildActionMask = 2147483647;
			files = (
			);
			runOnlyForDeploymentPostprocessing = 0;
		};
		B8DEDE5F1E4A4B5800B2244D /* Resources */ = {
			isa = PBXResourcesBuildPhase;
			buildActionMask = 2147483647;
			files = (
				B8DEDE6E1E4A4B5800B2244D /* LaunchScreen.storyboard in Resources */,
				B8DEDE6B1E4A4B5800B2244D /* Assets.xcassets in Resources */,
				B850D0011E4A5015005F31C5 /* Main.storyboard in Resources */,
			);
			runOnlyForDeploymentPostprocessing = 0;
		};
/* End PBXResourcesBuildPhase section */

/* Begin PBXShellScriptBuildPhase section */
		13312CE0B0F1BA7FBDC90EEC /* [CP] Embed Pods Frameworks */ = {
			isa = PBXShellScriptBuildPhase;
			buildActionMask = 2147483647;
			files = (
			);
			inputPaths = (
			);
			name = "[CP] Embed Pods Frameworks";
			outputPaths = (
			);
			runOnlyForDeploymentPostprocessing = 0;
			shellPath = /bin/sh;
			shellScript = "\"${SRCROOT}/Pods/Target Support Files/Pods-BluejayDemo/Pods-BluejayDemo-frameworks.sh\"\n";
			showEnvVarsInLog = 0;
		};
		68EE5F595715FB2CB4B93A0E /* [CP] Embed Pods Frameworks */ = {
			isa = PBXShellScriptBuildPhase;
			buildActionMask = 2147483647;
			files = (
			);
			inputPaths = (
			);
			name = "[CP] Embed Pods Frameworks";
			outputPaths = (
			);
			runOnlyForDeploymentPostprocessing = 0;
			shellPath = /bin/sh;
			shellScript = "\"${SRCROOT}/Pods/Target Support Files/Pods-BluejayTests/Pods-BluejayTests-frameworks.sh\"\n";
			showEnvVarsInLog = 0;
		};
		B72309C9F68C014FD0326E28 /* [CP] Copy Pods Resources */ = {
			isa = PBXShellScriptBuildPhase;
			buildActionMask = 2147483647;
			files = (
			);
			inputPaths = (
			);
			name = "[CP] Copy Pods Resources";
			outputPaths = (
			);
			runOnlyForDeploymentPostprocessing = 0;
			shellPath = /bin/sh;
			shellScript = "\"${SRCROOT}/Pods/Target Support Files/Pods-BluejayDemo/Pods-BluejayDemo-resources.sh\"\n";
			showEnvVarsInLog = 0;
		};
		C9BBFD3F5B175E9E175724F8 /* [CP] Check Pods Manifest.lock */ = {
			isa = PBXShellScriptBuildPhase;
			buildActionMask = 2147483647;
			files = (
			);
			inputPaths = (
			);
			name = "[CP] Check Pods Manifest.lock";
			outputPaths = (
			);
			runOnlyForDeploymentPostprocessing = 0;
			shellPath = /bin/sh;
			shellScript = "diff \"${PODS_ROOT}/../Podfile.lock\" \"${PODS_ROOT}/Manifest.lock\" > /dev/null\nif [ $? != 0 ] ; then\n    # print error to STDERR\n    echo \"error: The sandbox is not in sync with the Podfile.lock. Run 'pod install' or update your CocoaPods installation.\" >&2\n    exit 1\nfi\n";
			showEnvVarsInLog = 0;
		};
		CDFF44BD852B1975CA311D63 /* [CP] Copy Pods Resources */ = {
			isa = PBXShellScriptBuildPhase;
			buildActionMask = 2147483647;
			files = (
			);
			inputPaths = (
			);
			name = "[CP] Copy Pods Resources";
			outputPaths = (
			);
			runOnlyForDeploymentPostprocessing = 0;
			shellPath = /bin/sh;
			shellScript = "\"${SRCROOT}/Pods/Target Support Files/Pods-Bluejay/Pods-Bluejay-resources.sh\"\n";
			showEnvVarsInLog = 0;
		};
		E74B2676FBABC2E126DD9A0D /* [CP] Check Pods Manifest.lock */ = {
			isa = PBXShellScriptBuildPhase;
			buildActionMask = 2147483647;
			files = (
			);
			inputPaths = (
			);
			name = "[CP] Check Pods Manifest.lock";
			outputPaths = (
			);
			runOnlyForDeploymentPostprocessing = 0;
			shellPath = /bin/sh;
			shellScript = "diff \"${PODS_ROOT}/../Podfile.lock\" \"${PODS_ROOT}/Manifest.lock\" > /dev/null\nif [ $? != 0 ] ; then\n    # print error to STDERR\n    echo \"error: The sandbox is not in sync with the Podfile.lock. Run 'pod install' or update your CocoaPods installation.\" >&2\n    exit 1\nfi\n";
			showEnvVarsInLog = 0;
		};
		E972F2D5AFB8679ED5DEF0A8 /* [CP] Check Pods Manifest.lock */ = {
			isa = PBXShellScriptBuildPhase;
			buildActionMask = 2147483647;
			files = (
			);
			inputPaths = (
			);
			name = "[CP] Check Pods Manifest.lock";
			outputPaths = (
			);
			runOnlyForDeploymentPostprocessing = 0;
			shellPath = /bin/sh;
			shellScript = "diff \"${PODS_ROOT}/../Podfile.lock\" \"${PODS_ROOT}/Manifest.lock\" > /dev/null\nif [ $? != 0 ] ; then\n    # print error to STDERR\n    echo \"error: The sandbox is not in sync with the Podfile.lock. Run 'pod install' or update your CocoaPods installation.\" >&2\n    exit 1\nfi\n";
			showEnvVarsInLog = 0;
		};
		F67765D899A4F934B4D62281 /* [CP] Copy Pods Resources */ = {
			isa = PBXShellScriptBuildPhase;
			buildActionMask = 2147483647;
			files = (
			);
			inputPaths = (
			);
			name = "[CP] Copy Pods Resources";
			outputPaths = (
			);
			runOnlyForDeploymentPostprocessing = 0;
			shellPath = /bin/sh;
			shellScript = "\"${SRCROOT}/Pods/Target Support Files/Pods-BluejayTests/Pods-BluejayTests-resources.sh\"\n";
			showEnvVarsInLog = 0;
		};
/* End PBXShellScriptBuildPhase section */

/* Begin PBXSourcesBuildPhase section */
		B8C70F701E1C22850006CF58 /* Sources */ = {
			isa = PBXSourcesBuildPhase;
			buildActionMask = 2147483647;
			files = (
				B8C70FAF1E1C6C780006CF58 /* Integer+Transferable.swift in Sources */,
				B8C70F921E1C56330006CF58 /* CBPeripheral+FindService.swift in Sources */,
				B8C70F901E1C505C0006CF58 /* Bluejay.swift in Sources */,
				B8C70F951E1C57250006CF58 /* CBService+FindCharacteristic.swift in Sources */,
				B8D2078E1E26D702007E670A /* CBManagerState+ReturnString.swift in Sources */,
				B8C70FBD1E1C7DB60006CF58 /* Peripheral.swift in Sources */,
				B8C70FA51E1C65A20006CF58 /* ReadResult.swift in Sources */,
				B8C70FC11E1C80150006CF58 /* QueueableState.swift in Sources */,
				B8C5E7151E64D93C0094A708 /* ScanDiscovery.swift in Sources */,
				B8C052031E28561700EA3D76 /* ListenRestorer.swift in Sources */,
				B8C5E7131E64D6860094A708 /* ScanAction.swift in Sources */,
				B8C70FA31E1C65000006CF58 /* ConnectionResult.swift in Sources */,
				B88A0DA11E1DD15600A00FF8 /* DiscoverCharacteristic.swift in Sources */,
				B842AAF81E4CF74300BB32EE /* String+Transferable.swift in Sources */,
				B83271A91E313CA300D68581 /* Queueable.swift in Sources */,
				B8F8C0ED1E4E7CA300A0D0F7 /* Disconnection.swift in Sources */,
				B8C70F991E1C5A7F0006CF58 /* ServiceIdentifier.swift in Sources */,
				B88A0DA31E1DD18B00A00FF8 /* ReadCharacteristic.swift in Sources */,
				B8022D981E1EEED900EA360B /* WriteResult.swift in Sources */,
				B89AA4881E30373D006BA376 /* Scan.swift in Sources */,
				B8FE9DF51E73597A00D361CE /* RSSIObserver.swift in Sources */,
				B8B5708F1ED8AEAA00603C0B /* Data+Extractable.swift in Sources */,
				B8C70FA91E1C69B60006CF58 /* Receivable.swift in Sources */,
				B88A0DA71E1DD1DE00A00FF8 /* ListenCharacteristic.swift in Sources */,
				B8C70F971E1C5A4F0006CF58 /* Error.swift in Sources */,
				B8A947491EB93B5800347FF5 /* DiscoveryResult.swift in Sources */,
				B88F50EE1EB3E73D00D11CD8 /* ListenCache.swift in Sources */,
				B88A0D9F1E1DCFBF00A00FF8 /* DiscoverService.swift in Sources */,
				B8022D9A1E1F041D00EA360B /* SyncPeripheral.swift in Sources */,
				B8C70FB11E1C6F150006CF58 /* DataPadding.swift in Sources */,
				B8022D9C1E1F052F00EA360B /* ListenAction.swift in Sources */,
				B8C70F9B1E1C5A910006CF58 /* CharacteristicIdentifier.swift in Sources */,
				B869A2971E721D50003C1278 /* Data+Sendable.swift in Sources */,
				B8D2078C1E26D446007E670A /* CBPeripheralState+ReturnString.swift in Sources */,
				B8F6DC561E2D6A9C004891D8 /* Notifications.swift in Sources */,
				B88F79951EB7DB420094D8D1 /* Operation.swift in Sources */,
				B88F50F01EB3E81E00D11CD8 /* Constant.swift in Sources */,
				B88A0D9C1E1DAA1600A00FF8 /* Event.swift in Sources */,
				B89AA4841E303634006BA376 /* Connection.swift in Sources */,
				B88A0DA51E1DD1A200A00FF8 /* WriteCharacteristic.swift in Sources */,
				B8C70FAB1E1C69C50006CF58 /* Sendable.swift in Sources */,
				B89AA4791E302114006BA376 /* Queue.swift in Sources */,
				B8C70FB91E1C725C0006CF58 /* ConnectionObserver.swift in Sources */,
				B8C70FA01E1C61BD0006CF58 /* PeripheralIdentifier.swift in Sources */,
			);
			runOnlyForDeploymentPostprocessing = 0;
		};
		B8C70F7A1E1C22850006CF58 /* Sources */ = {
			isa = PBXSourcesBuildPhase;
			buildActionMask = 2147483647;
			files = (
				B8C70F841E1C22850006CF58 /* BluejayTests.swift in Sources */,
			);
			runOnlyForDeploymentPostprocessing = 0;
		};
		B8DEDE5D1E4A4B5800B2244D /* Sources */ = {
			isa = PBXSourcesBuildPhase;
			buildActionMask = 2147483647;
			files = (
				B80535741ECA239D002E5493 /* ScanHeartRateSensorsViewController.swift in Sources */,
				B88F50F21EB3FA4100D11CD8 /* SelectDemoViewController.swift in Sources */,
				B8BA76F51ECF70BE002DDDB0 /* ConnectUsingSerialNumberViewController.swift in Sources */,
				B8C5E7191E64E1D50094A708 /* ScanEverythingViewController.swift in Sources */,
				B8DEDE641E4A4B5800B2244D /* AppDelegate.swift in Sources */,
			);
			runOnlyForDeploymentPostprocessing = 0;
		};
/* End PBXSourcesBuildPhase section */

/* Begin PBXTargetDependency section */
		B8C70F811E1C22850006CF58 /* PBXTargetDependency */ = {
			isa = PBXTargetDependency;
			target = B8C70F741E1C22850006CF58 /* Bluejay */;
			targetProxy = B8C70F801E1C22850006CF58 /* PBXContainerItemProxy */;
		};
		B8DEDE761E4A4B9100B2244D /* PBXTargetDependency */ = {
			isa = PBXTargetDependency;
			target = B8C70F741E1C22850006CF58 /* Bluejay */;
			targetProxy = B8DEDE751E4A4B9100B2244D /* PBXContainerItemProxy */;
		};
/* End PBXTargetDependency section */

/* Begin PBXVariantGroup section */
		B8DEDE6C1E4A4B5800B2244D /* LaunchScreen.storyboard */ = {
			isa = PBXVariantGroup;
			children = (
				B8DEDE6D1E4A4B5800B2244D /* Base */,
			);
			name = LaunchScreen.storyboard;
			sourceTree = "<group>";
		};
/* End PBXVariantGroup section */

/* Begin XCBuildConfiguration section */
		B8C70F871E1C22850006CF58 /* Debug */ = {
			isa = XCBuildConfiguration;
			buildSettings = {
				ALWAYS_SEARCH_USER_PATHS = NO;
				CLANG_ANALYZER_NONNULL = YES;
				CLANG_CXX_LANGUAGE_STANDARD = "gnu++0x";
				CLANG_CXX_LIBRARY = "libc++";
				CLANG_ENABLE_MODULES = YES;
				CLANG_ENABLE_OBJC_ARC = YES;
				CLANG_WARN_BOOL_CONVERSION = YES;
				CLANG_WARN_CONSTANT_CONVERSION = YES;
				CLANG_WARN_DIRECT_OBJC_ISA_USAGE = YES_ERROR;
				CLANG_WARN_DOCUMENTATION_COMMENTS = YES;
				CLANG_WARN_EMPTY_BODY = YES;
				CLANG_WARN_ENUM_CONVERSION = YES;
				CLANG_WARN_INFINITE_RECURSION = YES;
				CLANG_WARN_INT_CONVERSION = YES;
				CLANG_WARN_OBJC_ROOT_CLASS = YES_ERROR;
				CLANG_WARN_SUSPICIOUS_MOVE = YES;
				CLANG_WARN_UNREACHABLE_CODE = YES;
				CLANG_WARN__DUPLICATE_METHOD_MATCH = YES;
				"CODE_SIGN_IDENTITY[sdk=iphoneos*]" = "iPhone Developer";
				COPY_PHASE_STRIP = NO;
				CURRENT_PROJECT_VERSION = 1;
				DEBUG_INFORMATION_FORMAT = dwarf;
				ENABLE_STRICT_OBJC_MSGSEND = YES;
				ENABLE_TESTABILITY = YES;
				GCC_C_LANGUAGE_STANDARD = gnu99;
				GCC_DYNAMIC_NO_PIC = NO;
				GCC_NO_COMMON_BLOCKS = YES;
				GCC_OPTIMIZATION_LEVEL = 0;
				GCC_PREPROCESSOR_DEFINITIONS = (
					"DEBUG=1",
					"$(inherited)",
				);
				GCC_WARN_64_TO_32_BIT_CONVERSION = YES;
				GCC_WARN_ABOUT_RETURN_TYPE = YES_ERROR;
				GCC_WARN_UNDECLARED_SELECTOR = YES;
				GCC_WARN_UNINITIALIZED_AUTOS = YES_AGGRESSIVE;
				GCC_WARN_UNUSED_FUNCTION = YES;
				GCC_WARN_UNUSED_VARIABLE = YES;
				IPHONEOS_DEPLOYMENT_TARGET = 10.2;
				MTL_ENABLE_DEBUG_INFO = YES;
				ONLY_ACTIVE_ARCH = YES;
				SDKROOT = iphoneos;
				SWIFT_ACTIVE_COMPILATION_CONDITIONS = DEBUG;
				SWIFT_OPTIMIZATION_LEVEL = "-Onone";
				TARGETED_DEVICE_FAMILY = "1,2";
				VERSIONING_SYSTEM = "apple-generic";
				VERSION_INFO_PREFIX = "";
			};
			name = Debug;
		};
		B8C70F881E1C22850006CF58 /* Release */ = {
			isa = XCBuildConfiguration;
			buildSettings = {
				ALWAYS_SEARCH_USER_PATHS = NO;
				CLANG_ANALYZER_NONNULL = YES;
				CLANG_CXX_LANGUAGE_STANDARD = "gnu++0x";
				CLANG_CXX_LIBRARY = "libc++";
				CLANG_ENABLE_MODULES = YES;
				CLANG_ENABLE_OBJC_ARC = YES;
				CLANG_WARN_BOOL_CONVERSION = YES;
				CLANG_WARN_CONSTANT_CONVERSION = YES;
				CLANG_WARN_DIRECT_OBJC_ISA_USAGE = YES_ERROR;
				CLANG_WARN_DOCUMENTATION_COMMENTS = YES;
				CLANG_WARN_EMPTY_BODY = YES;
				CLANG_WARN_ENUM_CONVERSION = YES;
				CLANG_WARN_INFINITE_RECURSION = YES;
				CLANG_WARN_INT_CONVERSION = YES;
				CLANG_WARN_OBJC_ROOT_CLASS = YES_ERROR;
				CLANG_WARN_SUSPICIOUS_MOVE = YES;
				CLANG_WARN_UNREACHABLE_CODE = YES;
				CLANG_WARN__DUPLICATE_METHOD_MATCH = YES;
				"CODE_SIGN_IDENTITY[sdk=iphoneos*]" = "iPhone Developer";
				COPY_PHASE_STRIP = NO;
				CURRENT_PROJECT_VERSION = 1;
				DEBUG_INFORMATION_FORMAT = "dwarf-with-dsym";
				ENABLE_NS_ASSERTIONS = NO;
				ENABLE_STRICT_OBJC_MSGSEND = YES;
				GCC_C_LANGUAGE_STANDARD = gnu99;
				GCC_NO_COMMON_BLOCKS = YES;
				GCC_WARN_64_TO_32_BIT_CONVERSION = YES;
				GCC_WARN_ABOUT_RETURN_TYPE = YES_ERROR;
				GCC_WARN_UNDECLARED_SELECTOR = YES;
				GCC_WARN_UNINITIALIZED_AUTOS = YES_AGGRESSIVE;
				GCC_WARN_UNUSED_FUNCTION = YES;
				GCC_WARN_UNUSED_VARIABLE = YES;
				IPHONEOS_DEPLOYMENT_TARGET = 10.2;
				MTL_ENABLE_DEBUG_INFO = NO;
				SDKROOT = iphoneos;
				SWIFT_OPTIMIZATION_LEVEL = "-Owholemodule";
				TARGETED_DEVICE_FAMILY = "1,2";
				VALIDATE_PRODUCT = YES;
				VERSIONING_SYSTEM = "apple-generic";
				VERSION_INFO_PREFIX = "";
			};
			name = Release;
		};
		B8C70F8A1E1C22850006CF58 /* Debug */ = {
			isa = XCBuildConfiguration;
			baseConfigurationReference = 916C6338CC4E6D8DBA1A561C /* Pods-Bluejay.debug.xcconfig */;
			buildSettings = {
				APPLICATION_EXTENSION_API_ONLY = NO;
				CLANG_ENABLE_MODULES = YES;
				CODE_SIGN_IDENTITY = "";
				DEFINES_MODULE = YES;
				DEVELOPMENT_TEAM = GH868RP95T;
				DYLIB_COMPATIBILITY_VERSION = 1;
				DYLIB_CURRENT_VERSION = 1;
				DYLIB_INSTALL_NAME_BASE = "@rpath";
				INFOPLIST_FILE = Bluejay/Info.plist;
				INSTALL_PATH = "$(LOCAL_LIBRARY_DIR)/Frameworks";
				IPHONEOS_DEPLOYMENT_TARGET = 9.0;
				LD_RUNPATH_SEARCH_PATHS = "$(inherited) @executable_path/Frameworks @loader_path/Frameworks";
				PRODUCT_BUNDLE_IDENTIFIER = com.steamclock.Bluejay;
				PRODUCT_NAME = "$(TARGET_NAME)";
				SKIP_INSTALL = YES;
				SWIFT_OPTIMIZATION_LEVEL = "-Onone";
				SWIFT_VERSION = 3.0;
			};
			name = Debug;
		};
		B8C70F8B1E1C22850006CF58 /* Release */ = {
			isa = XCBuildConfiguration;
			baseConfigurationReference = D3A376B191A26044FDEBF5C5 /* Pods-Bluejay.release.xcconfig */;
			buildSettings = {
				APPLICATION_EXTENSION_API_ONLY = NO;
				CLANG_ENABLE_MODULES = YES;
				CODE_SIGN_IDENTITY = "";
				DEFINES_MODULE = YES;
				DEVELOPMENT_TEAM = GH868RP95T;
				DYLIB_COMPATIBILITY_VERSION = 1;
				DYLIB_CURRENT_VERSION = 1;
				DYLIB_INSTALL_NAME_BASE = "@rpath";
				INFOPLIST_FILE = Bluejay/Info.plist;
				INSTALL_PATH = "$(LOCAL_LIBRARY_DIR)/Frameworks";
				IPHONEOS_DEPLOYMENT_TARGET = 9.0;
				LD_RUNPATH_SEARCH_PATHS = "$(inherited) @executable_path/Frameworks @loader_path/Frameworks";
				PRODUCT_BUNDLE_IDENTIFIER = com.steamclock.Bluejay;
				PRODUCT_NAME = "$(TARGET_NAME)";
				SKIP_INSTALL = YES;
				SWIFT_VERSION = 3.0;
			};
			name = Release;
		};
		B8C70F8D1E1C22850006CF58 /* Debug */ = {
			isa = XCBuildConfiguration;
			baseConfigurationReference = CA9D0DDBCE2F5733134B0ED6 /* Pods-BluejayTests.debug.xcconfig */;
			buildSettings = {
				ALWAYS_EMBED_SWIFT_STANDARD_LIBRARIES = YES;
				INFOPLIST_FILE = BluejayTests/Info.plist;
				LD_RUNPATH_SEARCH_PATHS = "$(inherited) @executable_path/Frameworks @loader_path/Frameworks";
				PRODUCT_BUNDLE_IDENTIFIER = com.steamclock.BluejayTests;
				PRODUCT_NAME = "$(TARGET_NAME)";
				SWIFT_VERSION = 3.0;
			};
			name = Debug;
		};
		B8C70F8E1E1C22850006CF58 /* Release */ = {
			isa = XCBuildConfiguration;
			baseConfigurationReference = F9DA2BB8096DC083CD6AF996 /* Pods-BluejayTests.release.xcconfig */;
			buildSettings = {
				ALWAYS_EMBED_SWIFT_STANDARD_LIBRARIES = YES;
				INFOPLIST_FILE = BluejayTests/Info.plist;
				LD_RUNPATH_SEARCH_PATHS = "$(inherited) @executable_path/Frameworks @loader_path/Frameworks";
				PRODUCT_BUNDLE_IDENTIFIER = com.steamclock.BluejayTests;
				PRODUCT_NAME = "$(TARGET_NAME)";
				SWIFT_VERSION = 3.0;
			};
			name = Release;
		};
		B8DEDE701E4A4B5800B2244D /* Debug */ = {
			isa = XCBuildConfiguration;
			baseConfigurationReference = 4A0C82111DFB9F1235FECE79 /* Pods-BluejayDemo.debug.xcconfig */;
			buildSettings = {
				ALWAYS_EMBED_SWIFT_STANDARD_LIBRARIES = YES;
				ASSETCATALOG_COMPILER_APPICON_NAME = AppIcon;
				DEVELOPMENT_TEAM = GH868RP95T;
				INFOPLIST_FILE = BluejayDemo/Info.plist;
				IPHONEOS_DEPLOYMENT_TARGET = 9.0;
				LD_RUNPATH_SEARCH_PATHS = "$(inherited) @executable_path/Frameworks";
				PRODUCT_BUNDLE_IDENTIFIER = com.steamclock.BluejayDemo;
				PRODUCT_NAME = "$(TARGET_NAME)";
				SWIFT_VERSION = 3.0;
			};
			name = Debug;
		};
		B8DEDE711E4A4B5800B2244D /* Release */ = {
			isa = XCBuildConfiguration;
			baseConfigurationReference = 6C7DA1388158BDFE6227706A /* Pods-BluejayDemo.release.xcconfig */;
			buildSettings = {
				ALWAYS_EMBED_SWIFT_STANDARD_LIBRARIES = YES;
				ASSETCATALOG_COMPILER_APPICON_NAME = AppIcon;
				DEVELOPMENT_TEAM = GH868RP95T;
				INFOPLIST_FILE = BluejayDemo/Info.plist;
				IPHONEOS_DEPLOYMENT_TARGET = 9.0;
				LD_RUNPATH_SEARCH_PATHS = "$(inherited) @executable_path/Frameworks";
				PRODUCT_BUNDLE_IDENTIFIER = com.steamclock.BluejayDemo;
				PRODUCT_NAME = "$(TARGET_NAME)";
				SWIFT_VERSION = 3.0;
			};
			name = Release;
		};
/* End XCBuildConfiguration section */

/* Begin XCConfigurationList section */
		B8C70F6F1E1C22850006CF58 /* Build configuration list for PBXProject "Bluejay" */ = {
			isa = XCConfigurationList;
			buildConfigurations = (
				B8C70F871E1C22850006CF58 /* Debug */,
				B8C70F881E1C22850006CF58 /* Release */,
			);
			defaultConfigurationIsVisible = 0;
			defaultConfigurationName = Release;
		};
		B8C70F891E1C22850006CF58 /* Build configuration list for PBXNativeTarget "Bluejay" */ = {
			isa = XCConfigurationList;
			buildConfigurations = (
				B8C70F8A1E1C22850006CF58 /* Debug */,
				B8C70F8B1E1C22850006CF58 /* Release */,
			);
			defaultConfigurationIsVisible = 0;
			defaultConfigurationName = Release;
		};
		B8C70F8C1E1C22850006CF58 /* Build configuration list for PBXNativeTarget "BluejayTests" */ = {
			isa = XCConfigurationList;
			buildConfigurations = (
				B8C70F8D1E1C22850006CF58 /* Debug */,
				B8C70F8E1E1C22850006CF58 /* Release */,
			);
			defaultConfigurationIsVisible = 0;
			defaultConfigurationName = Release;
		};
		B8DEDE721E4A4B5800B2244D /* Build configuration list for PBXNativeTarget "BluejayDemo" */ = {
			isa = XCConfigurationList;
			buildConfigurations = (
				B8DEDE701E4A4B5800B2244D /* Debug */,
				B8DEDE711E4A4B5800B2244D /* Release */,
			);
			defaultConfigurationIsVisible = 0;
			defaultConfigurationName = Release;
		};
/* End XCConfigurationList section */
	};
	rootObject = B8C70F6C1E1C22850006CF58 /* Project object */;
}
