PODS:
  - Bluejay (0.1.0):
    - SwiftyUserDefaults
    - XCGLogger (~> 4.0.0)
  - SwiftyUserDefaults (3.0.0)
  - XCGLogger (4.0.0):
    - XCGLogger/Core (= 4.0.0)
  - XCGLogger/Core (4.0.0)

DEPENDENCIES:
  - Bluejay (from `https://github.com/steamclock/bluejay.git`, branch `master`)

EXTERNAL SOURCES:
  Bluejay:
    :branch: master
    :git: https://github.com/steamclock/bluejay.git

CHECKOUT OPTIONS:
  Bluejay:
    :commit: dd028adcce7a2654ff5dec8e9d66a7601e185161
    :git: https://github.com/steamclock/bluejay.git

SPEC CHECKSUMS:
  Bluejay: 6ada34ad78920578e2040f5e3fdfd0e150eab57e
  SwiftyUserDefaults: 0f1d45fc3aafb9064dac661e367f8f83fe21a4b4
  XCGLogger: 38063ea89b4c8b23232d18efd2e12eb0005f3ea4

PODFILE CHECKSUM: 3b1c7da7641cbed29ec2f1441e9c2e428a547c7d

COCOAPODS: 1.2.0.beta.1
